// !$*UTF8*$!
{
	archiveVersion = 1;
	classes = {
	};
	objectVersion = 77;
	objects = {

/* Begin PBXBuildFile section */
		0047B39B7559AD5B4D2A724A /* ThemeSelectorView.swift in Sources */ = {isa = PBXBuildFile; fileRef = BB18A1B1A98B091A23F7688C /* ThemeSelectorView.swift */; };
		007A7A769FAAB905E1FFCE3D /* HomeTabView.swift in Sources */ = {isa = PBXBuildFile; fileRef = 682ED01B4319D5F5C3D55937 /* HomeTabView.swift */; };
		01A4D34BB1F4DE33696018E9 /* UnlockCountdown.swift in Sources */ = {isa = PBXBuildFile; fileRef = 027EBBA9DD429C76140BF933 /* UnlockCountdown.swift */; };
		02D012F741BD3E5A3CD69B53 /* SelfDiscoveryViewModel.swift in Sources */ = {isa = PBXBuildFile; fileRef = BBD96CC52F727FFAECE30472 /* SelfDiscoveryViewModel.swift */; };
		060DCDE2F8D2095C6DA7AC4E /* SocraticJournal.swift in Sources */ = {isa = PBXBuildFile; fileRef = E5542CCF49C5EF6A1BB8CC7B /* SocraticJournal.swift */; };
		07069E391D329A9F618C12A6 /* ClarityScoreDisplay.swift in Sources */ = {isa = PBXBuildFile; fileRef = 47625E61F7824371D5D3C080 /* ClarityScoreDisplay.swift */; };
		071ADAC56D03A9BE9771A847 /* ProgressIndicator.swift in Sources */ = {isa = PBXBuildFile; fileRef = 8AA319170D73C64374D137E1 /* ProgressIndicator.swift */; };
		09A2F81D0508D4BF1D481B6C /* DialogueSessionView.swift in Sources */ = {isa = PBXBuildFile; fileRef = A84F14F8095B7E5B5EFAF0AD /* DialogueSessionView.swift */; };
		0A93DA422B4D87DD6DC54FCF /* WisdomQuoteServiceProtocol.swift in Sources */ = {isa = PBXBuildFile; fileRef = 07E66E8339102D55766233C1 /* WisdomQuoteServiceProtocol.swift */; };
		0C43BBB7731694AA67C31E55 /* FirebaseQuestionService.swift in Sources */ = {isa = PBXBuildFile; fileRef = 3A43537D009B1B270D030C01 /* FirebaseQuestionService.swift */; };
		0D5B63D8D19A6CFE52C0319C /* LettersBadge.swift in Sources */ = {isa = PBXBuildFile; fileRef = EEA18D9715EAA48C07D6996E /* LettersBadge.swift */; };
		0DCE31D42DCBB372C758D096 /* PersonalityAnalysisServiceProtocol.swift in Sources */ = {isa = PBXBuildFile; fileRef = A5F3080F0AF1033CD44AE169 /* PersonalityAnalysisServiceProtocol.swift */; };
		0F6473FA64932CCA57F18A26 /* QuestionView.swift in Sources */ = {isa = PBXBuildFile; fileRef = C9807DF03FE24AF6534E5768 /* QuestionView.swift */; };
		13DA34036DE8F70B987B9404 /* JournalExport.swift in Sources */ = {isa = PBXBuildFile; fileRef = E660B1F4A895C3D10A85E154 /* JournalExport.swift */; };
		1522B7ECBC5170B4B0730BD9 /* SessionScoreSummary.swift in Sources */ = {isa = PBXBuildFile; fileRef = C904560046371ED6FE9FF72B /* SessionScoreSummary.swift */; };
		15495665B7DBD41BFDE0913D /* FirebaseAnalyticsService.swift in Sources */ = {isa = PBXBuildFile; fileRef = AA7566A7048FAFE95F723AF3 /* FirebaseAnalyticsService.swift */; };
		17C179873F6002CC9BDEA163 /* WisdomQuoteView.swift in Sources */ = {isa = PBXBuildFile; fileRef = A42C616AB317420FA485D572 /* WisdomQuoteView.swift */; };
		1B6E13E3E5AA154BB2668383 /* WisdomQuotesViewModel.swift in Sources */ = {isa = PBXBuildFile; fileRef = 2DD89F782D263C0185E19061 /* WisdomQuotesViewModel.swift */; };
		2064C3AA3127AB0A97B3C716 /* ClarityScore.swift in Sources */ = {isa = PBXBuildFile; fileRef = 96355142014EC509D10F97A6 /* ClarityScore.swift */; };
		2353327B27450AF113EF609F /* ThemeManager.swift in Sources */ = {isa = PBXBuildFile; fileRef = CF92EF5F314A4CC8478E991C /* ThemeManager.swift */; };
		2397BEF12B98BED9BC58761A /* MainTabView.swift in Sources */ = {isa = PBXBuildFile; fileRef = A780176F1D4C8DEFC0AC2A54 /* MainTabView.swift */; };
		26F18C08547904A38AFC396C /* MockPersonalityAnalysisService.swift in Sources */ = {isa = PBXBuildFile; fileRef = C700B1F0D3CD77AE8C620AAC /* MockPersonalityAnalysisService.swift */; };
		2AFCA9C3386D8579C89D2523 /* OfflineSyncHandler.swift in Sources */ = {isa = PBXBuildFile; fileRef = 4C5DE926B735BC8B2CFEDA76 /* OfflineSyncHandler.swift */; };
		2C3397BB2F4A3E010DA7050F /* LocalNotificationService.swift in Sources */ = {isa = PBXBuildFile; fileRef = C03E86BBD666990580FCDEC8 /* LocalNotificationService.swift */; };
		2CAB8A322184E8DBF540D4D7 /* FutureLetter.swift in Sources */ = {isa = PBXBuildFile; fileRef = 669FF049A4583E3F84C6685F /* FutureLetter.swift */; };
		3011F4A890A63770C46CB92F /* DataManagementView.swift in Sources */ = {isa = PBXBuildFile; fileRef = C6393671D5BB1907C751541A /* DataManagementView.swift */; };
		31283F0F3A55B7B3EC8DAD59 /* NetworkMonitor.swift in Sources */ = {isa = PBXBuildFile; fileRef = F87DE2A018777F1D131B23B9 /* NetworkMonitor.swift */; };
		375EFB583B7BA1A56793D381 /* DataExportServiceProtocol.swift in Sources */ = {isa = PBXBuildFile; fileRef = 7613CB40021B551A823C6F1E /* DataExportServiceProtocol.swift */; };
		3A29D29676E0D81E80F2AA85 /* InMemoryJournalRepository.swift in Sources */ = {isa = PBXBuildFile; fileRef = 5BBC921E31BBF56315A0DA55 /* InMemoryJournalRepository.swift */; };
		3BCE20D54AE96A3872A4890B /* AppReviewService.swift in Sources */ = {isa = PBXBuildFile; fileRef = 5FDE01830F0959A72723F0DD /* AppReviewService.swift */; };
		3C27438F4EFA26C263439EF2 /* JSONDataExportService.swift in Sources */ = {isa = PBXBuildFile; fileRef = 52B081E4933C5D95CFDB2AA0 /* JSONDataExportService.swift */; };
		3C7FFEB692B8CE92702F3410 /* SessionCompleteView.swift in Sources */ = {isa = PBXBuildFile; fileRef = 9CF9F96EEB8A9B0B1BE9C79A /* SessionCompleteView.swift */; };
		3FC5024647C8A5037BE1D3DC /* AboutView.swift in Sources */ = {isa = PBXBuildFile; fileRef = F782BF4BCB8611080CE7218E /* AboutView.swift */; };
		4039A71FB974A8A4DDAFB797 /* ExportView.swift in Sources */ = {isa = PBXBuildFile; fileRef = BE4365E37F7BE4F7D2E83A7B /* ExportView.swift */; };
		40DB66C3830BF575B1904170 /* Assets.xcassets in Resources */ = {isa = PBXBuildFile; fileRef = CBFCD947C02302577DE3EC06 /* Assets.xcassets */; };
		42F43471BC19B2F1C766543A /* MilestoneView.swift in Sources */ = {isa = PBXBuildFile; fileRef = B47C0D7EA93CE17433C6F33C /* MilestoneView.swift */; };
		43C98F90392DF4FAF14C8794 /* OfflineSyncQueue.swift in Sources */ = {isa = PBXBuildFile; fileRef = 90870259354CA1249E7674EA /* OfflineSyncQueue.swift */; };
		4603840F3E43DC164F97DE6D /* OnboardingLettersView.swift in Sources */ = {isa = PBXBuildFile; fileRef = 2734EBA88653C87D9C0D34E9 /* OnboardingLettersView.swift */; };
		4B003C1F1D8857D2E752CADD /* StatisticsViewModel.swift in Sources */ = {isa = PBXBuildFile; fileRef = 9D4DCECA7E63ADA14711F603 /* StatisticsViewModel.swift */; };
		4D8F3842A54452AED741EF12 /* CalendarView.swift in Sources */ = {isa = PBXBuildFile; fileRef = DD021C9D10C27E2047636405 /* CalendarView.swift */; };
		4DCF02804D0FDE45603CD2A2 /* MockQuestionService.swift in Sources */ = {isa = PBXBuildFile; fileRef = 48A85539E50453CB3BEA69A7 /* MockQuestionService.swift */; };
		4DD5CB0BDFEB865F7AD4ADFB /* TrendChartView.swift in Sources */ = {isa = PBXBuildFile; fileRef = 612D960CE6F192A59D33BF3D /* TrendChartView.swift */; };
		501BD6BC5C60BA924A107651 /* ScoreBreakdownView.swift in Sources */ = {isa = PBXBuildFile; fileRef = E67AF1C945E0AEEFBC7EFCDD /* ScoreBreakdownView.swift */; };
		524DC0D8CACED553E2A6D358 /* TraitCardView.swift in Sources */ = {isa = PBXBuildFile; fileRef = B96CB7A90D8631A85BB9E7A3 /* TraitCardView.swift */; };
		5463E09009BDC8DAA19AE96C /* SessionCompleteViewModel.swift in Sources */ = {isa = PBXBuildFile; fileRef = BC5998CC54163B8E53357243 /* SessionCompleteViewModel.swift */; };
		54BD24D0AB6F3F961A2A7BE3 /* NotificationServiceProtocol.swift in Sources */ = {isa = PBXBuildFile; fileRef = B26B1FE888678C875F331DB1 /* NotificationServiceProtocol.swift */; };
		55B60718FE227BEA19D64946 /* GoogleService-Info.plist in Resources */ = {isa = PBXBuildFile; fileRef = DC2F15103B1EED7B1CFB9157 /* GoogleService-Info.plist */; };
		588CE5D7F26823DC8A7C17E0 /* FirebaseWisdomQuoteService.swift in Sources */ = {isa = PBXBuildFile; fileRef = BC40968DCB2C7E6C3AADFC5E /* FirebaseWisdomQuoteService.swift */; };
		5D1A7EBEA24754D160ADA56A /* StreakProgressView.swift in Sources */ = {isa = PBXBuildFile; fileRef = DCC29A2B99B36406A5D3A7D4 /* StreakProgressView.swift */; };
		5EB2D92F73DDED1293A73A2E /* UserSettings.swift in Sources */ = {isa = PBXBuildFile; fileRef = 9F4B1E73960A7489D123CF41 /* UserSettings.swift */; };
		6046F01D721F4D503862AD8A /* LetterDetailViewModel.swift in Sources */ = {isa = PBXBuildFile; fileRef = CE0C2398B2D95A1A21365378 /* LetterDetailViewModel.swift */; };
		60B99C11288FC9AF6284BA27 /* ClarityMirrorCard.swift in Sources */ = {isa = PBXBuildFile; fileRef = 96C6AC3DBE090228AA8AA335 /* ClarityMirrorCard.swift */; };
		61071B0D365402AB94E55047 /* JournalSession.swift in Sources */ = {isa = PBXBuildFile; fileRef = 7B0F875DE3FFDCAE6706F0EA /* JournalSession.swift */; };
		7028FA904E6C1A0FFE7CCF07 /* BigFiveProfile.swift in Sources */ = {isa = PBXBuildFile; fileRef = 66CA094076238AED5C929709 /* BigFiveProfile.swift */; };
		73CD5841CBF2A74464566DF3 /* StatsCardView.swift in Sources */ = {isa = PBXBuildFile; fileRef = 51359D9BF5E1376FF3BD9CC5 /* StatsCardView.swift */; };
		74957D7694A43BADB98848D7 /* StatisticsView.swift in Sources */ = {isa = PBXBuildFile; fileRef = C1A7CDC0F93CF5FA1E9145C7 /* StatisticsView.swift */; };
		7B2DEEAD66AC32CF69654D52 /* JournalStats.swift in Sources */ = {isa = PBXBuildFile; fileRef = 6E3362361FF92E8D631D6B71 /* JournalStats.swift */; };
		7C31192B6919AC8374BD69EC /* NotificationSettingsView.swift in Sources */ = {isa = PBXBuildFile; fileRef = A44FFFE4347DCF1BA017F741 /* NotificationSettingsView.swift */; };
		7D6ED2141C50A20077EA4F81 /* WisdomQuote.swift in Sources */ = {isa = PBXBuildFile; fileRef = 58D8FE753B241A8EC717E08F /* WisdomQuote.swift */; };
		7E18F84144F8748DD3C9BE5E /* FirebaseNotificationService.swift in Sources */ = {isa = PBXBuildFile; fileRef = B67545F72405599CA3D6E892 /* FirebaseNotificationService.swift */; };
		7E55D38D6BCA0E51D0F45013 /* FirebaseAnalytics in Frameworks */ = {isa = PBXBuildFile; productRef = 1439E1ED4A0277B8F3670D92 /* FirebaseAnalytics */; };
		80B412F4783DC43E99D8F1B7 /* LetterDetailView.swift in Sources */ = {isa = PBXBuildFile; fileRef = 602C804EC1312F2F283F8072 /* LetterDetailView.swift */; };
		81091E373EF2A53EFFF913E4 /* AppsFlyerService.swift in Sources */ = {isa = PBXBuildFile; fileRef = 3D029C25B681B5461B571644 /* AppsFlyerService.swift */; };
		820A8F166BA0E7A25B150AC8 /* HomeViewModel.swift in Sources */ = {isa = PBXBuildFile; fileRef = AEA5D013746FC29B516ADE8B /* HomeViewModel.swift */; };
		85A6BB1CEF18A306B05B72AD /* AppsFlyerLib in Frameworks */ = {isa = PBXBuildFile; productRef = B2661300FF9C9DB8CAECB4AA /* AppsFlyerLib */; };
		861E5A80148AE0039A28AEE4 /* SettingsViewModel.swift in Sources */ = {isa = PBXBuildFile; fileRef = 58368D6FA3A29D6D8E4C7C51 /* SettingsViewModel.swift */; };
		8FC896338EEA960654E9913B /* CharacterDiscoveryView.swift in Sources */ = {isa = PBXBuildFile; fileRef = 77B13C33A04309EC9F7534EF /* CharacterDiscoveryView.swift */; };
		900B230E4001A5C875CD0A0E /* JournalRepositoryProtocol.swift in Sources */ = {isa = PBXBuildFile; fileRef = FA4681293066DAA3F815C174 /* JournalRepositoryProtocol.swift */; };
		90D36BD2BF7047735751CD6B /* wisdom_quotes.json in Resources */ = {isa = PBXBuildFile; fileRef = E9721DD221539E97DDD9E989 /* wisdom_quotes.json */; };
		915173BDEC78033289D5B2AE /* CharacterDiscoveryViewModel.swift in Sources */ = {isa = PBXBuildFile; fileRef = 3D7F2F5D0B3AA1EEC596795D /* CharacterDiscoveryViewModel.swift */; };
		929047D489C0B0CCA9CF5736 /* StatisticsTabView.swift in Sources */ = {isa = PBXBuildFile; fileRef = 1A77CB1C80F2854649956335 /* StatisticsTabView.swift */; };
		929C35D3BDA93393E64DC7F2 /* SelfDiscoveryTabView.swift in Sources */ = {isa = PBXBuildFile; fileRef = 20D48B97B27F63DA9081976B /* SelfDiscoveryTabView.swift */; };
		973819C7AF4DDE9699F479F4 /* ThemeFilterView.swift in Sources */ = {isa = PBXBuildFile; fileRef = 59EF2E8B120F1677BC908310 /* ThemeFilterView.swift */; };
		977664B2130F9D3192DF1CB1 /* OnboardingCharacterView.swift in Sources */ = {isa = PBXBuildFile; fileRef = C125E25CE091EED451BF73A8 /* OnboardingCharacterView.swift */; };
		97D355F8C2A5BBAD25DD2B18 /* StartSessionButton.swift in Sources */ = {isa = PBXBuildFile; fileRef = 96FAE65D79E56D3B514848FB /* StartSessionButton.swift */; };
		97DB0893F432AAA1FF3FF082 /* FirebaseFirestore in Frameworks */ = {isa = PBXBuildFile; productRef = D0C775AF90C1F520FA648805 /* FirebaseFirestore */; };
		98914A2DEBF383067C7D7C5B /* PersonalityTrait.swift in Sources */ = {isa = PBXBuildFile; fileRef = D6B84223758EB94D90551D82 /* PersonalityTrait.swift */; };
		9B455AAF94634625E97C6EC8 /* LettersListViewModel.swift in Sources */ = {isa = PBXBuildFile; fileRef = C3391C3B827DCDA617AFE690 /* LettersListViewModel.swift */; };
		9C4CF7EE3293A7ECEF7C50F9 /* EvidenceQuoteView.swift in Sources */ = {isa = PBXBuildFile; fileRef = FEDB9E2D5462BA072079C322 /* EvidenceQuoteView.swift */; };
		9D93C64943E8E04162AFD0A2 /* QuestionServiceProtocol.swift in Sources */ = {isa = PBXBuildFile; fileRef = F8261CB374216451CFA6D81F /* QuestionServiceProtocol.swift */; };
		9DFE8B0C428D59EB983E85E9 /* MockClarityScoreService.swift in Sources */ = {isa = PBXBuildFile; fileRef = C2DE9705D8F6B1B56FB136B5 /* MockClarityScoreService.swift */; };
		9FD20DED2EF2FA3EEDD2F2A5 /* SessionDetailViewModel.swift in Sources */ = {isa = PBXBuildFile; fileRef = 6E95109CA1CBF0D1BFF2836A /* SessionDetailViewModel.swift */; };
		A22867FCCE1C618C1C5166F0 /* ExchangeDetailCard.swift in Sources */ = {isa = PBXBuildFile; fileRef = 25D7A691701986207C44E40E /* ExchangeDetailCard.swift */; };
		A523E5F334F9E4E071C18047 /* BackendStatusView.swift in Sources */ = {isa = PBXBuildFile; fileRef = 3E102341D4D6B4D043E4BFE8 /* BackendStatusView.swift */; };
		A99A70774108DBA18435A44E /* CharacterCounter.swift in Sources */ = {isa = PBXBuildFile; fileRef = 7B247D005F49FEC076E19901 /* CharacterCounter.swift */; };
		AACF46FCED951E64A94F3235 /* HomeView.swift in Sources */ = {isa = PBXBuildFile; fileRef = ABA0DB79E028261D57D98467 /* HomeView.swift */; };
		AB8427F58D4D1810DD710AA3 /* Exchange.swift in Sources */ = {isa = PBXBuildFile; fileRef = D26F56EF8C8448893CE3B324 /* Exchange.swift */; };
		AD6208BB6580B116029094B5 /* LetterRowView.swift in Sources */ = {isa = PBXBuildFile; fileRef = E60187B0793832C70774BBD4 /* LetterRowView.swift */; };
		AFA3405C98AF46A9BCD59F83 /* WeeklyComparisonView.swift in Sources */ = {isa = PBXBuildFile; fileRef = CE62D57E33763614826EC91D /* WeeklyComparisonView.swift */; };
		AFBBA19E9186A341DA95E6E0 /* BackendHealthService.swift in Sources */ = {isa = PBXBuildFile; fileRef = D6C852C953E4DEB20E8A638F /* BackendHealthService.swift */; };
		B6E786D86EC46830FFBB70D0 /* LettersListView.swift in Sources */ = {isa = PBXBuildFile; fileRef = FB9E190C99BFCBAD71EA722E /* LettersListView.swift */; };
		BAE76A7BA0C38847C7ABFF88 /* DialogueSessionViewModel.swift in Sources */ = {isa = PBXBuildFile; fileRef = FD9F90D49ED2476A970C7E22 /* DialogueSessionViewModel.swift */; };
		BB4194113D186646D777173D /* SocratesReactionView.swift in Sources */ = {isa = PBXBuildFile; fileRef = E88A2178E093BBB1139F9CA0 /* SocratesReactionView.swift */; };
		BF8EB63CF895A403410CEE6C /* SessionMetadataView.swift in Sources */ = {isa = PBXBuildFile; fileRef = 70AAE0C498CCF57558BC71ED /* SessionMetadataView.swift */; };
		C30277B802C3B45CA16D8DF4 /* SessionDetailView.swift in Sources */ = {isa = PBXBuildFile; fileRef = 8AD30F73DA97D10E8C4A9DED /* SessionDetailView.swift */; };
		C670681889110CD5220DE1B8 /* SocraticJournalApp.swift in Sources */ = {isa = PBXBuildFile; fileRef = 7A211FCA2679A8B683599D50 /* SocraticJournalApp.swift */; };
		C87995ABE0603D766B7B9CDB /* InMemoryDataSource.swift in Sources */ = {isa = PBXBuildFile; fileRef = 3D74D7BEE56DD4C7E6C5317B /* InMemoryDataSource.swift */; };
		C8D594118A47F12A3FAF8331 /* FirebaseFunctionsService.swift in Sources */ = {isa = PBXBuildFile; fileRef = 6DA93CEF67CF4AB69ACAD52F /* FirebaseFunctionsService.swift */; };
		C9FD5BE5FF7B6974399EA6F0 /* SettingsView.swift in Sources */ = {isa = PBXBuildFile; fileRef = EC5D235EA9156B100C8E539A /* SettingsView.swift */; };
		CD8AA12EE1490F23B3A07982 /* FirebaseFunctionsServiceProtocol.swift in Sources */ = {isa = PBXBuildFile; fileRef = 3BEA5F7BF8D35EF08C0668C4 /* FirebaseFunctionsServiceProtocol.swift */; };
		D266DFB44C29AD40FFADD5C4 /* SessionListView.swift in Sources */ = {isa = PBXBuildFile; fileRef = DF754053E7CCE80662BFEF85 /* SessionListView.swift */; };
		D4052CE44F43F0F480B3632E /* OnboardingView.swift in Sources */ = {isa = PBXBuildFile; fileRef = F693D0BCEB429E84EC84249D /* OnboardingView.swift */; };
		D405BADF448090D71546EA06 /* AnswerInputView.swift in Sources */ = {isa = PBXBuildFile; fileRef = 3F11FCC416B08664C4E259DB /* AnswerInputView.swift */; };
		D5AAAA04BF5445D56761AE64 /* SettingsRepositoryProtocol.swift in Sources */ = {isa = PBXBuildFile; fileRef = 3B0B595102B110BCF1BD8C1F /* SettingsRepositoryProtocol.swift */; };
		D81E7022392CDED7E2042358 /* InsightCardView.swift in Sources */ = {isa = PBXBuildFile; fileRef = 3BFFF8D30FAF886D171C9274 /* InsightCardView.swift */; };
		D8698435192D45E3B7566C4E /* OnboardingWelcomeView.swift in Sources */ = {isa = PBXBuildFile; fileRef = F5008BD267656811454CD5B7 /* OnboardingWelcomeView.swift */; };
		DBD6A4B15FC05F7E2CD14C0B /* LocalWisdomQuoteService.swift in Sources */ = {isa = PBXBuildFile; fileRef = 739C432FE1792495D5A2F2E6 /* LocalWisdomQuoteService.swift */; };
		DD8DFAC53005D236FC5C1D7A /* AnalyticsServiceProtocol.swift in Sources */ = {isa = PBXBuildFile; fileRef = E4FB591A7450FBB08651043F /* AnalyticsServiceProtocol.swift */; };
		E02A64F6F07A3E0C08A4A7A2 /* LettersCard.swift in Sources */ = {isa = PBXBuildFile; fileRef = 5FDEBE173B94B4B3E6B1289A /* LettersCard.swift */; };
		E4E9903DE0C900BE356D23BD /* ActionButtonsView.swift in Sources */ = {isa = PBXBuildFile; fileRef = 1EDC37B5290D6F269F3248F1 /* ActionButtonsView.swift */; };
		E57293E5593A0545FF1C2580 /* ProgressUnlockView.swift in Sources */ = {isa = PBXBuildFile; fileRef = F7D6E845C5C0A6F6073AE849 /* ProgressUnlockView.swift */; };
		E7B12C68845400511A4F79FD /* SummaryNarrativeView.swift in Sources */ = {isa = PBXBuildFile; fileRef = AF209799350179EBEE2D4D05 /* SummaryNarrativeView.swift */; };
		E7BEF20A03B5A2CED4D70D57 /* UserDefaultsSettingsRepository.swift in Sources */ = {isa = PBXBuildFile; fileRef = 788820DA9BA9F743A9811730 /* UserDefaultsSettingsRepository.swift */; };
		E84BF9436FAE902F27F06043 /* DurationPicker.swift in Sources */ = {isa = PBXBuildFile; fileRef = 1B05FDBE0577AEC49338C5B2 /* DurationPicker.swift */; };
		E8C712A34325B42128EB8771 /* QuoteCard.swift in Sources */ = {isa = PBXBuildFile; fileRef = 176D26E7799BC7BE0D223DBB /* QuoteCard.swift */; };
		E9A3ABA31C030C2A414A9AD4 /* ExportViewModel.swift in Sources */ = {isa = PBXBuildFile; fileRef = 699F2A1ACE6C94D2C4FB4067 /* ExportViewModel.swift */; };
		E9D3BBDED85CC7C4DDE7E31E /* ComposeLetterView.swift in Sources */ = {isa = PBXBuildFile; fileRef = B461BF8A630AA06CDC229D56 /* ComposeLetterView.swift */; };
		EC6580998DC214CA8545B523 /* OnboardingGuidedReflectionView.swift in Sources */ = {isa = PBXBuildFile; fileRef = 9A74F8DB126415AC697472C6 /* OnboardingGuidedReflectionView.swift */; };
		F065616CB306694C7E7B82A1 /* DailyWisdomView.swift in Sources */ = {isa = PBXBuildFile; fileRef = 98469BCCDC72A8A90DFD1972 /* DailyWisdomView.swift */; };
		F52CD99714AC84E18979C869 /* FirebasePersonalityAnalysisService.swift in Sources */ = {isa = PBXBuildFile; fileRef = E25F08F80283ED9CF2A62F36 /* FirebasePersonalityAnalysisService.swift */; };
		F66217F586150BFEF281D1D6 /* ComposeLetterViewModel.swift in Sources */ = {isa = PBXBuildFile; fileRef = 764DA53B408DE519954EC9FB /* ComposeLetterViewModel.swift */; };
		FA341168BC3BEBF074661A4B /* TraitChartView.swift in Sources */ = {isa = PBXBuildFile; fileRef = C0DC351C5C0216495D42B00E /* TraitChartView.swift */; };
		FACF81767D46892A67D01F11 /* ClarityScoreServiceProtocol.swift in Sources */ = {isa = PBXBuildFile; fileRef = 950D45B9D0BB11FD7C96BFE0 /* ClarityScoreServiceProtocol.swift */; };
		FAE5CA4653E58F4445B2F1A3 /* WisdomQuotesView.swift in Sources */ = {isa = PBXBuildFile; fileRef = E2638587C72B13EF1E5D5102 /* WisdomQuotesView.swift */; };
		FD764235B722DD5F364C9850 /* FirebaseMessaging in Frameworks */ = {isa = PBXBuildFile; productRef = 7427E0C3061E854EE474F549 /* FirebaseMessaging */; };
		FFD6A44603614E7B7C030FAC /* FirebaseFunctions in Frameworks */ = {isa = PBXBuildFile; productRef = 20CC8584D9C7E0C1B74D5D56 /* FirebaseFunctions */; };
/* End PBXBuildFile section */

/* Begin PBXFileReference section */
		027EBBA9DD429C76140BF933 /* UnlockCountdown.swift */ = {isa = PBXFileReference; lastKnownFileType = sourcecode.swift; path = UnlockCountdown.swift; sourceTree = "<group>"; };
		07E66E8339102D55766233C1 /* WisdomQuoteServiceProtocol.swift */ = {isa = PBXFileReference; lastKnownFileType = sourcecode.swift; path = WisdomQuoteServiceProtocol.swift; sourceTree = "<group>"; };
		176D26E7799BC7BE0D223DBB /* QuoteCard.swift */ = {isa = PBXFileReference; lastKnownFileType = sourcecode.swift; path = QuoteCard.swift; sourceTree = "<group>"; };
		1A77CB1C80F2854649956335 /* StatisticsTabView.swift */ = {isa = PBXFileReference; lastKnownFileType = sourcecode.swift; path = StatisticsTabView.swift; sourceTree = "<group>"; };
		1B05FDBE0577AEC49338C5B2 /* DurationPicker.swift */ = {isa = PBXFileReference; lastKnownFileType = sourcecode.swift; path = DurationPicker.swift; sourceTree = "<group>"; };
		1EDC37B5290D6F269F3248F1 /* ActionButtonsView.swift */ = {isa = PBXFileReference; lastKnownFileType = sourcecode.swift; path = ActionButtonsView.swift; sourceTree = "<group>"; };
		20D48B97B27F63DA9081976B /* SelfDiscoveryTabView.swift */ = {isa = PBXFileReference; lastKnownFileType = sourcecode.swift; path = SelfDiscoveryTabView.swift; sourceTree = "<group>"; };
		25D7A691701986207C44E40E /* ExchangeDetailCard.swift */ = {isa = PBXFileReference; lastKnownFileType = sourcecode.swift; path = ExchangeDetailCard.swift; sourceTree = "<group>"; };
		2734EBA88653C87D9C0D34E9 /* OnboardingLettersView.swift */ = {isa = PBXFileReference; lastKnownFileType = sourcecode.swift; path = OnboardingLettersView.swift; sourceTree = "<group>"; };
		2DD89F782D263C0185E19061 /* WisdomQuotesViewModel.swift */ = {isa = PBXFileReference; lastKnownFileType = sourcecode.swift; path = WisdomQuotesViewModel.swift; sourceTree = "<group>"; };
		3A43537D009B1B270D030C01 /* FirebaseQuestionService.swift */ = {isa = PBXFileReference; lastKnownFileType = sourcecode.swift; path = FirebaseQuestionService.swift; sourceTree = "<group>"; };
		3B0B595102B110BCF1BD8C1F /* SettingsRepositoryProtocol.swift */ = {isa = PBXFileReference; lastKnownFileType = sourcecode.swift; path = SettingsRepositoryProtocol.swift; sourceTree = "<group>"; };
		3BEA5F7BF8D35EF08C0668C4 /* FirebaseFunctionsServiceProtocol.swift */ = {isa = PBXFileReference; lastKnownFileType = sourcecode.swift; path = FirebaseFunctionsServiceProtocol.swift; sourceTree = "<group>"; };
		3BFFF8D30FAF886D171C9274 /* InsightCardView.swift */ = {isa = PBXFileReference; lastKnownFileType = sourcecode.swift; path = InsightCardView.swift; sourceTree = "<group>"; };
		3D029C25B681B5461B571644 /* AppsFlyerService.swift */ = {isa = PBXFileReference; lastKnownFileType = sourcecode.swift; path = AppsFlyerService.swift; sourceTree = "<group>"; };
		3D74D7BEE56DD4C7E6C5317B /* InMemoryDataSource.swift */ = {isa = PBXFileReference; lastKnownFileType = sourcecode.swift; path = InMemoryDataSource.swift; sourceTree = "<group>"; };
		3D7F2F5D0B3AA1EEC596795D /* CharacterDiscoveryViewModel.swift */ = {isa = PBXFileReference; lastKnownFileType = sourcecode.swift; path = CharacterDiscoveryViewModel.swift; sourceTree = "<group>"; };
		3E102341D4D6B4D043E4BFE8 /* BackendStatusView.swift */ = {isa = PBXFileReference; lastKnownFileType = sourcecode.swift; path = BackendStatusView.swift; sourceTree = "<group>"; };
		3F11FCC416B08664C4E259DB /* AnswerInputView.swift */ = {isa = PBXFileReference; lastKnownFileType = sourcecode.swift; path = AnswerInputView.swift; sourceTree = "<group>"; };
		47625E61F7824371D5D3C080 /* ClarityScoreDisplay.swift */ = {isa = PBXFileReference; lastKnownFileType = sourcecode.swift; path = ClarityScoreDisplay.swift; sourceTree = "<group>"; };
		48A85539E50453CB3BEA69A7 /* MockQuestionService.swift */ = {isa = PBXFileReference; lastKnownFileType = sourcecode.swift; path = MockQuestionService.swift; sourceTree = "<group>"; };
		4C5DE926B735BC8B2CFEDA76 /* OfflineSyncHandler.swift */ = {isa = PBXFileReference; lastKnownFileType = sourcecode.swift; path = OfflineSyncHandler.swift; sourceTree = "<group>"; };
		5116538D9F07FF35490DCEC7 /* SocraticJournal.app */ = {isa = PBXFileReference; includeInIndex = 0; lastKnownFileType = wrapper.application; path = SocraticJournal.app; sourceTree = BUILT_PRODUCTS_DIR; };
		51359D9BF5E1376FF3BD9CC5 /* StatsCardView.swift */ = {isa = PBXFileReference; lastKnownFileType = sourcecode.swift; path = StatsCardView.swift; sourceTree = "<group>"; };
		52B081E4933C5D95CFDB2AA0 /* JSONDataExportService.swift */ = {isa = PBXFileReference; lastKnownFileType = sourcecode.swift; path = JSONDataExportService.swift; sourceTree = "<group>"; };
		58368D6FA3A29D6D8E4C7C51 /* SettingsViewModel.swift */ = {isa = PBXFileReference; lastKnownFileType = sourcecode.swift; path = SettingsViewModel.swift; sourceTree = "<group>"; };
		58D8FE753B241A8EC717E08F /* WisdomQuote.swift */ = {isa = PBXFileReference; lastKnownFileType = sourcecode.swift; path = WisdomQuote.swift; sourceTree = "<group>"; };
		59EF2E8B120F1677BC908310 /* ThemeFilterView.swift */ = {isa = PBXFileReference; lastKnownFileType = sourcecode.swift; path = ThemeFilterView.swift; sourceTree = "<group>"; };
		5BBC921E31BBF56315A0DA55 /* InMemoryJournalRepository.swift */ = {isa = PBXFileReference; lastKnownFileType = sourcecode.swift; path = InMemoryJournalRepository.swift; sourceTree = "<group>"; };
		5FDE01830F0959A72723F0DD /* AppReviewService.swift */ = {isa = PBXFileReference; lastKnownFileType = sourcecode.swift; path = AppReviewService.swift; sourceTree = "<group>"; };
		5FDEBE173B94B4B3E6B1289A /* LettersCard.swift */ = {isa = PBXFileReference; lastKnownFileType = sourcecode.swift; path = LettersCard.swift; sourceTree = "<group>"; };
		602C804EC1312F2F283F8072 /* LetterDetailView.swift */ = {isa = PBXFileReference; lastKnownFileType = sourcecode.swift; path = LetterDetailView.swift; sourceTree = "<group>"; };
		612D960CE6F192A59D33BF3D /* TrendChartView.swift */ = {isa = PBXFileReference; lastKnownFileType = sourcecode.swift; path = TrendChartView.swift; sourceTree = "<group>"; };
		669FF049A4583E3F84C6685F /* FutureLetter.swift */ = {isa = PBXFileReference; lastKnownFileType = sourcecode.swift; path = FutureLetter.swift; sourceTree = "<group>"; };
		66CA094076238AED5C929709 /* BigFiveProfile.swift */ = {isa = PBXFileReference; lastKnownFileType = sourcecode.swift; path = BigFiveProfile.swift; sourceTree = "<group>"; };
		682ED01B4319D5F5C3D55937 /* HomeTabView.swift */ = {isa = PBXFileReference; lastKnownFileType = sourcecode.swift; path = HomeTabView.swift; sourceTree = "<group>"; };
		699F2A1ACE6C94D2C4FB4067 /* ExportViewModel.swift */ = {isa = PBXFileReference; lastKnownFileType = sourcecode.swift; path = ExportViewModel.swift; sourceTree = "<group>"; };
		6DA93CEF67CF4AB69ACAD52F /* FirebaseFunctionsService.swift */ = {isa = PBXFileReference; lastKnownFileType = sourcecode.swift; path = FirebaseFunctionsService.swift; sourceTree = "<group>"; };
		6E3362361FF92E8D631D6B71 /* JournalStats.swift */ = {isa = PBXFileReference; lastKnownFileType = sourcecode.swift; path = JournalStats.swift; sourceTree = "<group>"; };
		6E95109CA1CBF0D1BFF2836A /* SessionDetailViewModel.swift */ = {isa = PBXFileReference; lastKnownFileType = sourcecode.swift; path = SessionDetailViewModel.swift; sourceTree = "<group>"; };
		70AAE0C498CCF57558BC71ED /* SessionMetadataView.swift */ = {isa = PBXFileReference; lastKnownFileType = sourcecode.swift; path = SessionMetadataView.swift; sourceTree = "<group>"; };
		739C432FE1792495D5A2F2E6 /* LocalWisdomQuoteService.swift */ = {isa = PBXFileReference; lastKnownFileType = sourcecode.swift; path = LocalWisdomQuoteService.swift; sourceTree = "<group>"; };
		7613CB40021B551A823C6F1E /* DataExportServiceProtocol.swift */ = {isa = PBXFileReference; lastKnownFileType = sourcecode.swift; path = DataExportServiceProtocol.swift; sourceTree = "<group>"; };
		764DA53B408DE519954EC9FB /* ComposeLetterViewModel.swift */ = {isa = PBXFileReference; lastKnownFileType = sourcecode.swift; path = ComposeLetterViewModel.swift; sourceTree = "<group>"; };
		77B13C33A04309EC9F7534EF /* CharacterDiscoveryView.swift */ = {isa = PBXFileReference; lastKnownFileType = sourcecode.swift; path = CharacterDiscoveryView.swift; sourceTree = "<group>"; };
		788820DA9BA9F743A9811730 /* UserDefaultsSettingsRepository.swift */ = {isa = PBXFileReference; lastKnownFileType = sourcecode.swift; path = UserDefaultsSettingsRepository.swift; sourceTree = "<group>"; };
		7A211FCA2679A8B683599D50 /* SocraticJournalApp.swift */ = {isa = PBXFileReference; lastKnownFileType = sourcecode.swift; path = SocraticJournalApp.swift; sourceTree = "<group>"; };
		7B0F875DE3FFDCAE6706F0EA /* JournalSession.swift */ = {isa = PBXFileReference; lastKnownFileType = sourcecode.swift; path = JournalSession.swift; sourceTree = "<group>"; };
		7B247D005F49FEC076E19901 /* CharacterCounter.swift */ = {isa = PBXFileReference; lastKnownFileType = sourcecode.swift; path = CharacterCounter.swift; sourceTree = "<group>"; };
		8AA319170D73C64374D137E1 /* ProgressIndicator.swift */ = {isa = PBXFileReference; lastKnownFileType = sourcecode.swift; path = ProgressIndicator.swift; sourceTree = "<group>"; };
		8AD30F73DA97D10E8C4A9DED /* SessionDetailView.swift */ = {isa = PBXFileReference; lastKnownFileType = sourcecode.swift; path = SessionDetailView.swift; sourceTree = "<group>"; };
		90870259354CA1249E7674EA /* OfflineSyncQueue.swift */ = {isa = PBXFileReference; lastKnownFileType = sourcecode.swift; path = OfflineSyncQueue.swift; sourceTree = "<group>"; };
		950D45B9D0BB11FD7C96BFE0 /* ClarityScoreServiceProtocol.swift */ = {isa = PBXFileReference; lastKnownFileType = sourcecode.swift; path = ClarityScoreServiceProtocol.swift; sourceTree = "<group>"; };
		96355142014EC509D10F97A6 /* ClarityScore.swift */ = {isa = PBXFileReference; lastKnownFileType = sourcecode.swift; path = ClarityScore.swift; sourceTree = "<group>"; };
		96C6AC3DBE090228AA8AA335 /* ClarityMirrorCard.swift */ = {isa = PBXFileReference; lastKnownFileType = sourcecode.swift; path = ClarityMirrorCard.swift; sourceTree = "<group>"; };
		96FAE65D79E56D3B514848FB /* StartSessionButton.swift */ = {isa = PBXFileReference; lastKnownFileType = sourcecode.swift; path = StartSessionButton.swift; sourceTree = "<group>"; };
		98469BCCDC72A8A90DFD1972 /* DailyWisdomView.swift */ = {isa = PBXFileReference; lastKnownFileType = sourcecode.swift; path = DailyWisdomView.swift; sourceTree = "<group>"; };
		9A74F8DB126415AC697472C6 /* OnboardingGuidedReflectionView.swift */ = {isa = PBXFileReference; lastKnownFileType = sourcecode.swift; path = OnboardingGuidedReflectionView.swift; sourceTree = "<group>"; };
		9CF9F96EEB8A9B0B1BE9C79A /* SessionCompleteView.swift */ = {isa = PBXFileReference; lastKnownFileType = sourcecode.swift; path = SessionCompleteView.swift; sourceTree = "<group>"; };
		9D4DCECA7E63ADA14711F603 /* StatisticsViewModel.swift */ = {isa = PBXFileReference; lastKnownFileType = sourcecode.swift; path = StatisticsViewModel.swift; sourceTree = "<group>"; };
		9F4B1E73960A7489D123CF41 /* UserSettings.swift */ = {isa = PBXFileReference; lastKnownFileType = sourcecode.swift; path = UserSettings.swift; sourceTree = "<group>"; };
		A42C616AB317420FA485D572 /* WisdomQuoteView.swift */ = {isa = PBXFileReference; lastKnownFileType = sourcecode.swift; path = WisdomQuoteView.swift; sourceTree = "<group>"; };
		A44FFFE4347DCF1BA017F741 /* NotificationSettingsView.swift */ = {isa = PBXFileReference; lastKnownFileType = sourcecode.swift; path = NotificationSettingsView.swift; sourceTree = "<group>"; };
		A5F3080F0AF1033CD44AE169 /* PersonalityAnalysisServiceProtocol.swift */ = {isa = PBXFileReference; lastKnownFileType = sourcecode.swift; path = PersonalityAnalysisServiceProtocol.swift; sourceTree = "<group>"; };
		A780176F1D4C8DEFC0AC2A54 /* MainTabView.swift */ = {isa = PBXFileReference; lastKnownFileType = sourcecode.swift; path = MainTabView.swift; sourceTree = "<group>"; };
		A84F14F8095B7E5B5EFAF0AD /* DialogueSessionView.swift */ = {isa = PBXFileReference; lastKnownFileType = sourcecode.swift; path = DialogueSessionView.swift; sourceTree = "<group>"; };
		AA7566A7048FAFE95F723AF3 /* FirebaseAnalyticsService.swift */ = {isa = PBXFileReference; lastKnownFileType = sourcecode.swift; path = FirebaseAnalyticsService.swift; sourceTree = "<group>"; };
		ABA0DB79E028261D57D98467 /* HomeView.swift */ = {isa = PBXFileReference; lastKnownFileType = sourcecode.swift; path = HomeView.swift; sourceTree = "<group>"; };
		AEA5D013746FC29B516ADE8B /* HomeViewModel.swift */ = {isa = PBXFileReference; lastKnownFileType = sourcecode.swift; path = HomeViewModel.swift; sourceTree = "<group>"; };
		AF209799350179EBEE2D4D05 /* SummaryNarrativeView.swift */ = {isa = PBXFileReference; lastKnownFileType = sourcecode.swift; path = SummaryNarrativeView.swift; sourceTree = "<group>"; };
		B26B1FE888678C875F331DB1 /* NotificationServiceProtocol.swift */ = {isa = PBXFileReference; lastKnownFileType = sourcecode.swift; path = NotificationServiceProtocol.swift; sourceTree = "<group>"; };
		B461BF8A630AA06CDC229D56 /* ComposeLetterView.swift */ = {isa = PBXFileReference; lastKnownFileType = sourcecode.swift; path = ComposeLetterView.swift; sourceTree = "<group>"; };
		B47C0D7EA93CE17433C6F33C /* MilestoneView.swift */ = {isa = PBXFileReference; lastKnownFileType = sourcecode.swift; path = MilestoneView.swift; sourceTree = "<group>"; };
		B67545F72405599CA3D6E892 /* FirebaseNotificationService.swift */ = {isa = PBXFileReference; lastKnownFileType = sourcecode.swift; path = FirebaseNotificationService.swift; sourceTree = "<group>"; };
		B96CB7A90D8631A85BB9E7A3 /* TraitCardView.swift */ = {isa = PBXFileReference; lastKnownFileType = sourcecode.swift; path = TraitCardView.swift; sourceTree = "<group>"; };
		BB18A1B1A98B091A23F7688C /* ThemeSelectorView.swift */ = {isa = PBXFileReference; lastKnownFileType = sourcecode.swift; path = ThemeSelectorView.swift; sourceTree = "<group>"; };
		BBD96CC52F727FFAECE30472 /* SelfDiscoveryViewModel.swift */ = {isa = PBXFileReference; lastKnownFileType = sourcecode.swift; path = SelfDiscoveryViewModel.swift; sourceTree = "<group>"; };
		BC40968DCB2C7E6C3AADFC5E /* FirebaseWisdomQuoteService.swift */ = {isa = PBXFileReference; lastKnownFileType = sourcecode.swift; path = FirebaseWisdomQuoteService.swift; sourceTree = "<group>"; };
		BC5998CC54163B8E53357243 /* SessionCompleteViewModel.swift */ = {isa = PBXFileReference; lastKnownFileType = sourcecode.swift; path = SessionCompleteViewModel.swift; sourceTree = "<group>"; };
		BE4365E37F7BE4F7D2E83A7B /* ExportView.swift */ = {isa = PBXFileReference; lastKnownFileType = sourcecode.swift; path = ExportView.swift; sourceTree = "<group>"; };
		C03E86BBD666990580FCDEC8 /* LocalNotificationService.swift */ = {isa = PBXFileReference; lastKnownFileType = sourcecode.swift; path = LocalNotificationService.swift; sourceTree = "<group>"; };
		C0DC351C5C0216495D42B00E /* TraitChartView.swift */ = {isa = PBXFileReference; lastKnownFileType = sourcecode.swift; path = TraitChartView.swift; sourceTree = "<group>"; };
		C125E25CE091EED451BF73A8 /* OnboardingCharacterView.swift */ = {isa = PBXFileReference; lastKnownFileType = sourcecode.swift; path = OnboardingCharacterView.swift; sourceTree = "<group>"; };
		C1A7CDC0F93CF5FA1E9145C7 /* StatisticsView.swift */ = {isa = PBXFileReference; lastKnownFileType = sourcecode.swift; path = StatisticsView.swift; sourceTree = "<group>"; };
		C2DE9705D8F6B1B56FB136B5 /* MockClarityScoreService.swift */ = {isa = PBXFileReference; lastKnownFileType = sourcecode.swift; path = MockClarityScoreService.swift; sourceTree = "<group>"; };
		C3391C3B827DCDA617AFE690 /* LettersListViewModel.swift */ = {isa = PBXFileReference; lastKnownFileType = sourcecode.swift; path = LettersListViewModel.swift; sourceTree = "<group>"; };
		C6393671D5BB1907C751541A /* DataManagementView.swift */ = {isa = PBXFileReference; lastKnownFileType = sourcecode.swift; path = DataManagementView.swift; sourceTree = "<group>"; };
		C700B1F0D3CD77AE8C620AAC /* MockPersonalityAnalysisService.swift */ = {isa = PBXFileReference; lastKnownFileType = sourcecode.swift; path = MockPersonalityAnalysisService.swift; sourceTree = "<group>"; };
		C904560046371ED6FE9FF72B /* SessionScoreSummary.swift */ = {isa = PBXFileReference; lastKnownFileType = sourcecode.swift; path = SessionScoreSummary.swift; sourceTree = "<group>"; };
		C9807DF03FE24AF6534E5768 /* QuestionView.swift */ = {isa = PBXFileReference; lastKnownFileType = sourcecode.swift; path = QuestionView.swift; sourceTree = "<group>"; };
		CBFCD947C02302577DE3EC06 /* Assets.xcassets */ = {isa = PBXFileReference; lastKnownFileType = folder.assetcatalog; path = Assets.xcassets; sourceTree = "<group>"; };
		CE0C2398B2D95A1A21365378 /* LetterDetailViewModel.swift */ = {isa = PBXFileReference; lastKnownFileType = sourcecode.swift; path = LetterDetailViewModel.swift; sourceTree = "<group>"; };
		CE62D57E33763614826EC91D /* WeeklyComparisonView.swift */ = {isa = PBXFileReference; lastKnownFileType = sourcecode.swift; path = WeeklyComparisonView.swift; sourceTree = "<group>"; };
		CF92EF5F314A4CC8478E991C /* ThemeManager.swift */ = {isa = PBXFileReference; lastKnownFileType = sourcecode.swift; path = ThemeManager.swift; sourceTree = "<group>"; };
		D26F56EF8C8448893CE3B324 /* Exchange.swift */ = {isa = PBXFileReference; lastKnownFileType = sourcecode.swift; path = Exchange.swift; sourceTree = "<group>"; };
		D6B84223758EB94D90551D82 /* PersonalityTrait.swift */ = {isa = PBXFileReference; lastKnownFileType = sourcecode.swift; path = PersonalityTrait.swift; sourceTree = "<group>"; };
		D6C852C953E4DEB20E8A638F /* BackendHealthService.swift */ = {isa = PBXFileReference; lastKnownFileType = sourcecode.swift; path = BackendHealthService.swift; sourceTree = "<group>"; };
		DC2F15103B1EED7B1CFB9157 /* GoogleService-Info.plist */ = {isa = PBXFileReference; lastKnownFileType = text.plist; path = "GoogleService-Info.plist"; sourceTree = "<group>"; };
		DCC29A2B99B36406A5D3A7D4 /* StreakProgressView.swift */ = {isa = PBXFileReference; lastKnownFileType = sourcecode.swift; path = StreakProgressView.swift; sourceTree = "<group>"; };
		DD021C9D10C27E2047636405 /* CalendarView.swift */ = {isa = PBXFileReference; lastKnownFileType = sourcecode.swift; path = CalendarView.swift; sourceTree = "<group>"; };
		DF754053E7CCE80662BFEF85 /* SessionListView.swift */ = {isa = PBXFileReference; lastKnownFileType = sourcecode.swift; path = SessionListView.swift; sourceTree = "<group>"; };
		E25F08F80283ED9CF2A62F36 /* FirebasePersonalityAnalysisService.swift */ = {isa = PBXFileReference; lastKnownFileType = sourcecode.swift; path = FirebasePersonalityAnalysisService.swift; sourceTree = "<group>"; };
		E2638587C72B13EF1E5D5102 /* WisdomQuotesView.swift */ = {isa = PBXFileReference; lastKnownFileType = sourcecode.swift; path = WisdomQuotesView.swift; sourceTree = "<group>"; };
		E4FB591A7450FBB08651043F /* AnalyticsServiceProtocol.swift */ = {isa = PBXFileReference; lastKnownFileType = sourcecode.swift; path = AnalyticsServiceProtocol.swift; sourceTree = "<group>"; };
		E5542CCF49C5EF6A1BB8CC7B /* SocraticJournal.swift */ = {isa = PBXFileReference; lastKnownFileType = sourcecode.swift; path = SocraticJournal.swift; sourceTree = "<group>"; };
		E60187B0793832C70774BBD4 /* LetterRowView.swift */ = {isa = PBXFileReference; lastKnownFileType = sourcecode.swift; path = LetterRowView.swift; sourceTree = "<group>"; };
		E660B1F4A895C3D10A85E154 /* JournalExport.swift */ = {isa = PBXFileReference; lastKnownFileType = sourcecode.swift; path = JournalExport.swift; sourceTree = "<group>"; };
		E67AF1C945E0AEEFBC7EFCDD /* ScoreBreakdownView.swift */ = {isa = PBXFileReference; lastKnownFileType = sourcecode.swift; path = ScoreBreakdownView.swift; sourceTree = "<group>"; };
		E88A2178E093BBB1139F9CA0 /* SocratesReactionView.swift */ = {isa = PBXFileReference; lastKnownFileType = sourcecode.swift; path = SocratesReactionView.swift; sourceTree = "<group>"; };
		E9721DD221539E97DDD9E989 /* wisdom_quotes.json */ = {isa = PBXFileReference; lastKnownFileType = text.json; path = wisdom_quotes.json; sourceTree = "<group>"; };
		EC5D235EA9156B100C8E539A /* SettingsView.swift */ = {isa = PBXFileReference; lastKnownFileType = sourcecode.swift; path = SettingsView.swift; sourceTree = "<group>"; };
		EEA18D9715EAA48C07D6996E /* LettersBadge.swift */ = {isa = PBXFileReference; lastKnownFileType = sourcecode.swift; path = LettersBadge.swift; sourceTree = "<group>"; };
		F5008BD267656811454CD5B7 /* OnboardingWelcomeView.swift */ = {isa = PBXFileReference; lastKnownFileType = sourcecode.swift; path = OnboardingWelcomeView.swift; sourceTree = "<group>"; };
		F693D0BCEB429E84EC84249D /* OnboardingView.swift */ = {isa = PBXFileReference; lastKnownFileType = sourcecode.swift; path = OnboardingView.swift; sourceTree = "<group>"; };
		F782BF4BCB8611080CE7218E /* AboutView.swift */ = {isa = PBXFileReference; lastKnownFileType = sourcecode.swift; path = AboutView.swift; sourceTree = "<group>"; };
		F7D6E845C5C0A6F6073AE849 /* ProgressUnlockView.swift */ = {isa = PBXFileReference; lastKnownFileType = sourcecode.swift; path = ProgressUnlockView.swift; sourceTree = "<group>"; };
		F8261CB374216451CFA6D81F /* QuestionServiceProtocol.swift */ = {isa = PBXFileReference; lastKnownFileType = sourcecode.swift; path = QuestionServiceProtocol.swift; sourceTree = "<group>"; };
		F87DE2A018777F1D131B23B9 /* NetworkMonitor.swift */ = {isa = PBXFileReference; lastKnownFileType = sourcecode.swift; path = NetworkMonitor.swift; sourceTree = "<group>"; };
		FA4681293066DAA3F815C174 /* JournalRepositoryProtocol.swift */ = {isa = PBXFileReference; lastKnownFileType = sourcecode.swift; path = JournalRepositoryProtocol.swift; sourceTree = "<group>"; };
		FB9E190C99BFCBAD71EA722E /* LettersListView.swift */ = {isa = PBXFileReference; lastKnownFileType = sourcecode.swift; path = LettersListView.swift; sourceTree = "<group>"; };
		FD9F90D49ED2476A970C7E22 /* DialogueSessionViewModel.swift */ = {isa = PBXFileReference; lastKnownFileType = sourcecode.swift; path = DialogueSessionViewModel.swift; sourceTree = "<group>"; };
		FEDB9E2D5462BA072079C322 /* EvidenceQuoteView.swift */ = {isa = PBXFileReference; lastKnownFileType = sourcecode.swift; path = EvidenceQuoteView.swift; sourceTree = "<group>"; };
/* End PBXFileReference section */

/* Begin PBXFrameworksBuildPhase section */
		70D95131945F0495DA866702 /* Frameworks */ = {
			isa = PBXFrameworksBuildPhase;
			buildActionMask = 2147483647;
			files = (
				7E55D38D6BCA0E51D0F45013 /* FirebaseAnalytics in Frameworks */,
				97DB0893F432AAA1FF3FF082 /* FirebaseFirestore in Frameworks */,
				FFD6A44603614E7B7C030FAC /* FirebaseFunctions in Frameworks */,
				FD764235B722DD5F364C9850 /* FirebaseMessaging in Frameworks */,
				85A6BB1CEF18A306B05B72AD /* AppsFlyerLib in Frameworks */,
			);
			runOnlyForDeploymentPostprocessing = 0;
		};
/* End PBXFrameworksBuildPhase section */

/* Begin PBXGroup section */
		007986A727609C1CC7EA4F27 /* SessionComplete */ = {
			isa = PBXGroup;
			children = (
				9CF9F96EEB8A9B0B1BE9C79A /* SessionCompleteView.swift */,
				BC5998CC54163B8E53357243 /* SessionCompleteViewModel.swift */,
				5036863E09BB173CEBC005DA /* Components */,
			);
			path = SessionComplete;
			sourceTree = "<group>";
		};
		042591BA532AE8F9CD3BA39B /* App */ = {
			isa = PBXGroup;
			children = (
				7A211FCA2679A8B683599D50 /* SocraticJournalApp.swift */,
			);
			path = App;
			sourceTree = "<group>";
		};
		065B1CCB6CD8F1D6EC25A7AD /* DialogueSession */ = {
			isa = PBXGroup;
			children = (
				A84F14F8095B7E5B5EFAF0AD /* DialogueSessionView.swift */,
				FD9F90D49ED2476A970C7E22 /* DialogueSessionViewModel.swift */,
				D8B3774F0FFF6EF33C12D534 /* Components */,
			);
			path = DialogueSession;
			sourceTree = "<group>";
		};
		0A7D89DB9B7D4AA46EE297DA /* Settings */ = {
			isa = PBXGroup;
			children = (
				EC5D235EA9156B100C8E539A /* SettingsView.swift */,
				58368D6FA3A29D6D8E4C7C51 /* SettingsViewModel.swift */,
				EF190509FC1A1E38C542EE1F /* Components */,
			);
			path = Settings;
			sourceTree = "<group>";
		};
		13AF050E173084723535BE8A /* Components */ = {
			isa = PBXGroup;
			children = (
				7B247D005F49FEC076E19901 /* CharacterCounter.swift */,
				1B05FDBE0577AEC49338C5B2 /* DurationPicker.swift */,
				E60187B0793832C70774BBD4 /* LetterRowView.swift */,
				027EBBA9DD429C76140BF933 /* UnlockCountdown.swift */,
			);
			path = Components;
			sourceTree = "<group>";
		};
		165EBEA269EA38D7418DCC61 /* Onboarding */ = {
			isa = PBXGroup;
			children = (
				C125E25CE091EED451BF73A8 /* OnboardingCharacterView.swift */,
				9A74F8DB126415AC697472C6 /* OnboardingGuidedReflectionView.swift */,
				2734EBA88653C87D9C0D34E9 /* OnboardingLettersView.swift */,
				F693D0BCEB429E84EC84249D /* OnboardingView.swift */,
				F5008BD267656811454CD5B7 /* OnboardingWelcomeView.swift */,
			);
			path = Onboarding;
			sourceTree = "<group>";
		};
		1939C2C2FC3281E95516289F /* SocraticJournal */ = {
			isa = PBXGroup;
			children = (
				E5542CCF49C5EF6A1BB8CC7B /* SocraticJournal.swift */,
				042591BA532AE8F9CD3BA39B /* App */,
				F45E535423E097F51E981782 /* Data */,
				7E59D88E1DD0FEAFFC79D50B /* Domain */,
				F5A48B827BC923E14D4F087D /* Presentation */,
				2581841F6743B138C7DB4AF5 /* Resources */,
			);
			name = SocraticJournal;
			path = Sources/SocraticJournal;
			sourceTree = "<group>";
		};
		1E07D95F43FCD433BC2101ED /* Services */ = {
			isa = PBXGroup;
			children = (
				E4FB591A7450FBB08651043F /* AnalyticsServiceProtocol.swift */,
				950D45B9D0BB11FD7C96BFE0 /* ClarityScoreServiceProtocol.swift */,
				7613CB40021B551A823C6F1E /* DataExportServiceProtocol.swift */,
				3BEA5F7BF8D35EF08C0668C4 /* FirebaseFunctionsServiceProtocol.swift */,
				B26B1FE888678C875F331DB1 /* NotificationServiceProtocol.swift */,
				A5F3080F0AF1033CD44AE169 /* PersonalityAnalysisServiceProtocol.swift */,
				F8261CB374216451CFA6D81F /* QuestionServiceProtocol.swift */,
				07E66E8339102D55766233C1 /* WisdomQuoteServiceProtocol.swift */,
			);
			path = Services;
			sourceTree = "<group>";
		};
		25282619FBE332C3EFACD1FF /* SessionHistory */ = {
			isa = PBXGroup;
			children = (
				8AD30F73DA97D10E8C4A9DED /* SessionDetailView.swift */,
				6E95109CA1CBF0D1BFF2836A /* SessionDetailViewModel.swift */,
				6C5146DEB6AFF67A0F1E682E /* Components */,
			);
			path = SessionHistory;
			sourceTree = "<group>";
		};
		2581841F6743B138C7DB4AF5 /* Resources */ = {
			isa = PBXGroup;
			children = (
				CBFCD947C02302577DE3EC06 /* Assets.xcassets */,
				E9721DD221539E97DDD9E989 /* wisdom_quotes.json */,
			);
			path = Resources;
			sourceTree = "<group>";
		};
		3292427AC674B121CCABA44F /* Theme */ = {
			isa = PBXGroup;
			children = (
				CF92EF5F314A4CC8478E991C /* ThemeManager.swift */,
			);
			path = Theme;
			sourceTree = "<group>";
		};
		4469CCD33893F35E046D9B9D /* Repositories */ = {
			isa = PBXGroup;
			children = (
				5BBC921E31BBF56315A0DA55 /* InMemoryJournalRepository.swift */,
				788820DA9BA9F743A9811730 /* UserDefaultsSettingsRepository.swift */,
			);
			path = Repositories;
			sourceTree = "<group>";
		};
		4DA282FA62A3505F68103F89 /* Letters */ = {
			isa = PBXGroup;
			children = (
				B461BF8A630AA06CDC229D56 /* ComposeLetterView.swift */,
				764DA53B408DE519954EC9FB /* ComposeLetterViewModel.swift */,
				602C804EC1312F2F283F8072 /* LetterDetailView.swift */,
				CE0C2398B2D95A1A21365378 /* LetterDetailViewModel.swift */,
				FB9E190C99BFCBAD71EA722E /* LettersListView.swift */,
				C3391C3B827DCDA617AFE690 /* LettersListViewModel.swift */,
				13AF050E173084723535BE8A /* Components */,
			);
			path = Letters;
			sourceTree = "<group>";
		};
		5036863E09BB173CEBC005DA /* Components */ = {
			isa = PBXGroup;
			children = (
				1EDC37B5290D6F269F3248F1 /* ActionButtonsView.swift */,
				47625E61F7824371D5D3C080 /* ClarityScoreDisplay.swift */,
				E67AF1C945E0AEEFBC7EFCDD /* ScoreBreakdownView.swift */,
				A42C616AB317420FA485D572 /* WisdomQuoteView.swift */,
			);
			path = Components;
			sourceTree = "<group>";
		};
		529D40B5582EE6E7305C69AB /* CharacterDiscovery */ = {
			isa = PBXGroup;
			children = (
				77B13C33A04309EC9F7534EF /* CharacterDiscoveryView.swift */,
				3D7F2F5D0B3AA1EEC596795D /* CharacterDiscoveryViewModel.swift */,
				AD20C9ABEEDA904FBFDDC97C /* Components */,
			);
			path = CharacterDiscovery;
			sourceTree = "<group>";
		};
		59D69EF141D9FE3F51EE009A /* Products */ = {
			isa = PBXGroup;
			children = (
				5116538D9F07FF35490DCEC7 /* SocraticJournal.app */,
			);
			name = Products;
			sourceTree = "<group>";
		};
		5A88CC2A0F050670DE2B130E /* Entities */ = {
			isa = PBXGroup;
			children = (
				66CA094076238AED5C929709 /* BigFiveProfile.swift */,
				96355142014EC509D10F97A6 /* ClarityScore.swift */,
				D26F56EF8C8448893CE3B324 /* Exchange.swift */,
				669FF049A4583E3F84C6685F /* FutureLetter.swift */,
				E660B1F4A895C3D10A85E154 /* JournalExport.swift */,
				7B0F875DE3FFDCAE6706F0EA /* JournalSession.swift */,
				6E3362361FF92E8D631D6B71 /* JournalStats.swift */,
				D6B84223758EB94D90551D82 /* PersonalityTrait.swift */,
				9F4B1E73960A7489D123CF41 /* UserSettings.swift */,
				58D8FE753B241A8EC717E08F /* WisdomQuote.swift */,
			);
			path = Entities;
			sourceTree = "<group>";
		};
		62B7D518CABCCA266EEB90F5 /* Repositories */ = {
			isa = PBXGroup;
			children = (
				FA4681293066DAA3F815C174 /* JournalRepositoryProtocol.swift */,
				3B0B595102B110BCF1BD8C1F /* SettingsRepositoryProtocol.swift */,
			);
			path = Repositories;
			sourceTree = "<group>";
		};
		64E7CAAB03F123E1F4FBF634 /* SelfDiscovery */ = {
			isa = PBXGroup;
			children = (
				BBD96CC52F727FFAECE30472 /* SelfDiscoveryViewModel.swift */,
			);
			path = SelfDiscovery;
			sourceTree = "<group>";
		};
		6C5146DEB6AFF67A0F1E682E /* Components */ = {
			isa = PBXGroup;
			children = (
				25D7A691701986207C44E40E /* ExchangeDetailCard.swift */,
				70AAE0C498CCF57558BC71ED /* SessionMetadataView.swift */,
				C904560046371ED6FE9FF72B /* SessionScoreSummary.swift */,
			);
			path = Components;
			sourceTree = "<group>";
		};
		7023FAC06433604A8E36A419 /* Components */ = {
			isa = PBXGroup;
			children = (
				B47C0D7EA93CE17433C6F33C /* MilestoneView.swift */,
				DCC29A2B99B36406A5D3A7D4 /* StreakProgressView.swift */,
				612D960CE6F192A59D33BF3D /* TrendChartView.swift */,
				CE62D57E33763614826EC91D /* WeeklyComparisonView.swift */,
			);
			path = Components;
			sourceTree = "<group>";
		};
		7DBE6F1459754CEC4DAED18F /* Navigation */ = {
			isa = PBXGroup;
			children = (
				682ED01B4319D5F5C3D55937 /* HomeTabView.swift */,
				A780176F1D4C8DEFC0AC2A54 /* MainTabView.swift */,
				20D48B97B27F63DA9081976B /* SelfDiscoveryTabView.swift */,
				1A77CB1C80F2854649956335 /* StatisticsTabView.swift */,
			);
			path = Navigation;
			sourceTree = "<group>";
		};
		7E59D88E1DD0FEAFFC79D50B /* Domain */ = {
			isa = PBXGroup;
			children = (
				5A88CC2A0F050670DE2B130E /* Entities */,
				62B7D518CABCCA266EEB90F5 /* Repositories */,
				1E07D95F43FCD433BC2101ED /* Services */,
			);
			path = Domain;
			sourceTree = "<group>";
		};
		9E214058FE0248D23B2EAAD5 /* Home */ = {
			isa = PBXGroup;
			children = (
				ABA0DB79E028261D57D98467 /* HomeView.swift */,
				AEA5D013746FC29B516ADE8B /* HomeViewModel.swift */,
			);
			path = Home;
			sourceTree = "<group>";
		};
		A077F516DDE32664C794136A = {
			isa = PBXGroup;
			children = (
				DC2F15103B1EED7B1CFB9157 /* GoogleService-Info.plist */,
				1939C2C2FC3281E95516289F /* SocraticJournal */,
				59D69EF141D9FE3F51EE009A /* Products */,
			);
			sourceTree = "<group>";
		};
		A358BC59E2EAAA45F29B2F0D /* Statistics */ = {
			isa = PBXGroup;
			children = (
				C1A7CDC0F93CF5FA1E9145C7 /* StatisticsView.swift */,
				9D4DCECA7E63ADA14711F603 /* StatisticsViewModel.swift */,
				7023FAC06433604A8E36A419 /* Components */,
			);
			path = Statistics;
			sourceTree = "<group>";
		};
		AC9A43E16C4DDF92FE598763 /* DataSources */ = {
			isa = PBXGroup;
			children = (
				3D74D7BEE56DD4C7E6C5317B /* InMemoryDataSource.swift */,
			);
			path = DataSources;
			sourceTree = "<group>";
		};
		AD20C9ABEEDA904FBFDDC97C /* Components */ = {
			isa = PBXGroup;
			children = (
				FEDB9E2D5462BA072079C322 /* EvidenceQuoteView.swift */,
				F7D6E845C5C0A6F6073AE849 /* ProgressUnlockView.swift */,
				AF209799350179EBEE2D4D05 /* SummaryNarrativeView.swift */,
				B96CB7A90D8631A85BB9E7A3 /* TraitCardView.swift */,
				C0DC351C5C0216495D42B00E /* TraitChartView.swift */,
			);
			path = Components;
			sourceTree = "<group>";
		};
		B04C0B8D7BF9B1BAF80E4F32 /* Components */ = {
			isa = PBXGroup;
			children = (
				3E102341D4D6B4D043E4BFE8 /* BackendStatusView.swift */,
				DD021C9D10C27E2047636405 /* CalendarView.swift */,
				EEA18D9715EAA48C07D6996E /* LettersBadge.swift */,
				5FDEBE173B94B4B3E6B1289A /* LettersCard.swift */,
				DF754053E7CCE80662BFEF85 /* SessionListView.swift */,
				96FAE65D79E56D3B514848FB /* StartSessionButton.swift */,
				51359D9BF5E1376FF3BD9CC5 /* StatsCardView.swift */,
			);
			path = Components;
			sourceTree = "<group>";
		};
		BEBAFFC8492A952A87A9B4E2 /* Components */ = {
			isa = PBXGroup;
			children = (
				98469BCCDC72A8A90DFD1972 /* DailyWisdomView.swift */,
				176D26E7799BC7BE0D223DBB /* QuoteCard.swift */,
				59EF2E8B120F1677BC908310 /* ThemeFilterView.swift */,
			);
			path = Components;
			sourceTree = "<group>";
		};
		D77587D21C5B88982C1671FA /* Export */ = {
			isa = PBXGroup;
			children = (
				BE4365E37F7BE4F7D2E83A7B /* ExportView.swift */,
				699F2A1ACE6C94D2C4FB4067 /* ExportViewModel.swift */,
			);
			path = Export;
			sourceTree = "<group>";
		};
		D8B3774F0FFF6EF33C12D534 /* Components */ = {
			isa = PBXGroup;
			children = (
				3F11FCC416B08664C4E259DB /* AnswerInputView.swift */,
				96C6AC3DBE090228AA8AA335 /* ClarityMirrorCard.swift */,
				3BFFF8D30FAF886D171C9274 /* InsightCardView.swift */,
				8AA319170D73C64374D137E1 /* ProgressIndicator.swift */,
				C9807DF03FE24AF6534E5768 /* QuestionView.swift */,
				E88A2178E093BBB1139F9CA0 /* SocratesReactionView.swift */,
			);
			path = Components;
			sourceTree = "<group>";
		};
		E303FF20EFB3AE9FC13B314B /* Services */ = {
			isa = PBXGroup;
			children = (
				5FDE01830F0959A72723F0DD /* AppReviewService.swift */,
				3D029C25B681B5461B571644 /* AppsFlyerService.swift */,
				D6C852C953E4DEB20E8A638F /* BackendHealthService.swift */,
				AA7566A7048FAFE95F723AF3 /* FirebaseAnalyticsService.swift */,
				6DA93CEF67CF4AB69ACAD52F /* FirebaseFunctionsService.swift */,
				B67545F72405599CA3D6E892 /* FirebaseNotificationService.swift */,
				E25F08F80283ED9CF2A62F36 /* FirebasePersonalityAnalysisService.swift */,
				3A43537D009B1B270D030C01 /* FirebaseQuestionService.swift */,
				BC40968DCB2C7E6C3AADFC5E /* FirebaseWisdomQuoteService.swift */,
				52B081E4933C5D95CFDB2AA0 /* JSONDataExportService.swift */,
				C03E86BBD666990580FCDEC8 /* LocalNotificationService.swift */,
				739C432FE1792495D5A2F2E6 /* LocalWisdomQuoteService.swift */,
				C2DE9705D8F6B1B56FB136B5 /* MockClarityScoreService.swift */,
				C700B1F0D3CD77AE8C620AAC /* MockPersonalityAnalysisService.swift */,
				48A85539E50453CB3BEA69A7 /* MockQuestionService.swift */,
				F87DE2A018777F1D131B23B9 /* NetworkMonitor.swift */,
				4C5DE926B735BC8B2CFEDA76 /* OfflineSyncHandler.swift */,
				90870259354CA1249E7674EA /* OfflineSyncQueue.swift */,
			);
			path = Services;
			sourceTree = "<group>";
		};
		E598FD85F1EEF3794A45BB8A /* WisdomQuotes */ = {
			isa = PBXGroup;
			children = (
				E2638587C72B13EF1E5D5102 /* WisdomQuotesView.swift */,
				2DD89F782D263C0185E19061 /* WisdomQuotesViewModel.swift */,
				BEBAFFC8492A952A87A9B4E2 /* Components */,
			);
			path = WisdomQuotes;
			sourceTree = "<group>";
		};
		EF190509FC1A1E38C542EE1F /* Components */ = {
			isa = PBXGroup;
			children = (
				F782BF4BCB8611080CE7218E /* AboutView.swift */,
				C6393671D5BB1907C751541A /* DataManagementView.swift */,
				A44FFFE4347DCF1BA017F741 /* NotificationSettingsView.swift */,
				BB18A1B1A98B091A23F7688C /* ThemeSelectorView.swift */,
			);
			path = Components;
			sourceTree = "<group>";
		};
		F45E535423E097F51E981782 /* Data */ = {
			isa = PBXGroup;
			children = (
				AC9A43E16C4DDF92FE598763 /* DataSources */,
				4469CCD33893F35E046D9B9D /* Repositories */,
				E303FF20EFB3AE9FC13B314B /* Services */,
			);
			path = Data;
			sourceTree = "<group>";
		};
		F5A48B827BC923E14D4F087D /* Presentation */ = {
			isa = PBXGroup;
			children = (
				529D40B5582EE6E7305C69AB /* CharacterDiscovery */,
				B04C0B8D7BF9B1BAF80E4F32 /* Components */,
				065B1CCB6CD8F1D6EC25A7AD /* DialogueSession */,
				D77587D21C5B88982C1671FA /* Export */,
				9E214058FE0248D23B2EAAD5 /* Home */,
				4DA282FA62A3505F68103F89 /* Letters */,
				7DBE6F1459754CEC4DAED18F /* Navigation */,
				165EBEA269EA38D7418DCC61 /* Onboarding */,
				64E7CAAB03F123E1F4FBF634 /* SelfDiscovery */,
				007986A727609C1CC7EA4F27 /* SessionComplete */,
				25282619FBE332C3EFACD1FF /* SessionHistory */,
				0A7D89DB9B7D4AA46EE297DA /* Settings */,
				A358BC59E2EAAA45F29B2F0D /* Statistics */,
				3292427AC674B121CCABA44F /* Theme */,
				E598FD85F1EEF3794A45BB8A /* WisdomQuotes */,
			);
			path = Presentation;
			sourceTree = "<group>";
		};
/* End PBXGroup section */

/* Begin PBXNativeTarget section */
		4F597517012D1D2069CFA905 /* SocraticJournal */ = {
			isa = PBXNativeTarget;
			buildConfigurationList = 4D6ECD6302407144E3536991 /* Build configuration list for PBXNativeTarget "SocraticJournal" */;
			buildPhases = (
				8ECAD0DA53B9EF636A573B00 /* Sources */,
				1B7C62B3C7FF8CAC68174086 /* Resources */,
				70D95131945F0495DA866702 /* Frameworks */,
			);
			buildRules = (
			);
			dependencies = (
			);
			name = SocraticJournal;
			packageProductDependencies = (
				1439E1ED4A0277B8F3670D92 /* FirebaseAnalytics */,
				D0C775AF90C1F520FA648805 /* FirebaseFirestore */,
				20CC8584D9C7E0C1B74D5D56 /* FirebaseFunctions */,
				7427E0C3061E854EE474F549 /* FirebaseMessaging */,
				B2661300FF9C9DB8CAECB4AA /* AppsFlyerLib */,
			);
			productName = SocraticJournal;
			productReference = 5116538D9F07FF35490DCEC7 /* SocraticJournal.app */;
			productType = "com.apple.product-type.application";
		};
/* End PBXNativeTarget section */

/* Begin PBXProject section */
		7FF74F5214AC04FA8666FBBB /* Project object */ = {
			isa = PBXProject;
			attributes = {
				BuildIndependentTargetsInParallel = YES;
				LastUpgradeCheck = 1500;
				TargetAttributes = {
					4F597517012D1D2069CFA905 = {
						DevelopmentTeam = "";
						ProvisioningStyle = Automatic;
					};
				};
			};
			buildConfigurationList = 8B4491CED5CEBDF957FFF2D7 /* Build configuration list for PBXProject "SocraticJournal" */;
			compatibilityVersion = "Xcode 14.0";
			developmentRegion = en;
			hasScannedForEncodings = 0;
			knownRegions = (
				Base,
				en,
			);
			mainGroup = A077F516DDE32664C794136A;
			minimizedProjectReferenceProxies = 1;
			packageReferences = (
				0FEB5928F96AB8640A1CDC8A /* XCRemoteSwiftPackageReference "AppsFlyerFramework" */,
				9EA46445D4C732837295775D /* XCRemoteSwiftPackageReference "firebase-ios-sdk" */,
			);
			preferredProjectObjectVersion = 77;
			projectDirPath = "";
			projectRoot = "";
			targets = (
				4F597517012D1D2069CFA905 /* SocraticJournal */,
			);
		};
/* End PBXProject section */

/* Begin PBXResourcesBuildPhase section */
		1B7C62B3C7FF8CAC68174086 /* Resources */ = {
			isa = PBXResourcesBuildPhase;
			buildActionMask = 2147483647;
			files = (
				40DB66C3830BF575B1904170 /* Assets.xcassets in Resources */,
				55B60718FE227BEA19D64946 /* GoogleService-Info.plist in Resources */,
				90D36BD2BF7047735751CD6B /* wisdom_quotes.json in Resources */,
			);
			runOnlyForDeploymentPostprocessing = 0;
		};
/* End PBXResourcesBuildPhase section */

/* Begin PBXSourcesBuildPhase section */
		8ECAD0DA53B9EF636A573B00 /* Sources */ = {
			isa = PBXSourcesBuildPhase;
			buildActionMask = 2147483647;
			files = (
				3FC5024647C8A5037BE1D3DC /* AboutView.swift in Sources */,
				E4E9903DE0C900BE356D23BD /* ActionButtonsView.swift in Sources */,
				DD8DFAC53005D236FC5C1D7A /* AnalyticsServiceProtocol.swift in Sources */,
				D405BADF448090D71546EA06 /* AnswerInputView.swift in Sources */,
				3BCE20D54AE96A3872A4890B /* AppReviewService.swift in Sources */,
				81091E373EF2A53EFFF913E4 /* AppsFlyerService.swift in Sources */,
				AFBBA19E9186A341DA95E6E0 /* BackendHealthService.swift in Sources */,
				A523E5F334F9E4E071C18047 /* BackendStatusView.swift in Sources */,
				7028FA904E6C1A0FFE7CCF07 /* BigFiveProfile.swift in Sources */,
				4D8F3842A54452AED741EF12 /* CalendarView.swift in Sources */,
				A99A70774108DBA18435A44E /* CharacterCounter.swift in Sources */,
				8FC896338EEA960654E9913B /* CharacterDiscoveryView.swift in Sources */,
				915173BDEC78033289D5B2AE /* CharacterDiscoveryViewModel.swift in Sources */,
				60B99C11288FC9AF6284BA27 /* ClarityMirrorCard.swift in Sources */,
				2064C3AA3127AB0A97B3C716 /* ClarityScore.swift in Sources */,
				07069E391D329A9F618C12A6 /* ClarityScoreDisplay.swift in Sources */,
				FACF81767D46892A67D01F11 /* ClarityScoreServiceProtocol.swift in Sources */,
				E9D3BBDED85CC7C4DDE7E31E /* ComposeLetterView.swift in Sources */,
				F66217F586150BFEF281D1D6 /* ComposeLetterViewModel.swift in Sources */,
				F065616CB306694C7E7B82A1 /* DailyWisdomView.swift in Sources */,
				375EFB583B7BA1A56793D381 /* DataExportServiceProtocol.swift in Sources */,
				3011F4A890A63770C46CB92F /* DataManagementView.swift in Sources */,
				09A2F81D0508D4BF1D481B6C /* DialogueSessionView.swift in Sources */,
				BAE76A7BA0C38847C7ABFF88 /* DialogueSessionViewModel.swift in Sources */,
				E84BF9436FAE902F27F06043 /* DurationPicker.swift in Sources */,
				9C4CF7EE3293A7ECEF7C50F9 /* EvidenceQuoteView.swift in Sources */,
				AB8427F58D4D1810DD710AA3 /* Exchange.swift in Sources */,
				A22867FCCE1C618C1C5166F0 /* ExchangeDetailCard.swift in Sources */,
				4039A71FB974A8A4DDAFB797 /* ExportView.swift in Sources */,
				E9A3ABA31C030C2A414A9AD4 /* ExportViewModel.swift in Sources */,
				15495665B7DBD41BFDE0913D /* FirebaseAnalyticsService.swift in Sources */,
				C8D594118A47F12A3FAF8331 /* FirebaseFunctionsService.swift in Sources */,
				CD8AA12EE1490F23B3A07982 /* FirebaseFunctionsServiceProtocol.swift in Sources */,
				7E18F84144F8748DD3C9BE5E /* FirebaseNotificationService.swift in Sources */,
				F52CD99714AC84E18979C869 /* FirebasePersonalityAnalysisService.swift in Sources */,
				0C43BBB7731694AA67C31E55 /* FirebaseQuestionService.swift in Sources */,
				588CE5D7F26823DC8A7C17E0 /* FirebaseWisdomQuoteService.swift in Sources */,
				2CAB8A322184E8DBF540D4D7 /* FutureLetter.swift in Sources */,
				007A7A769FAAB905E1FFCE3D /* HomeTabView.swift in Sources */,
				AACF46FCED951E64A94F3235 /* HomeView.swift in Sources */,
				820A8F166BA0E7A25B150AC8 /* HomeViewModel.swift in Sources */,
				C87995ABE0603D766B7B9CDB /* InMemoryDataSource.swift in Sources */,
				3A29D29676E0D81E80F2AA85 /* InMemoryJournalRepository.swift in Sources */,
				D81E7022392CDED7E2042358 /* InsightCardView.swift in Sources */,
				3C27438F4EFA26C263439EF2 /* JSONDataExportService.swift in Sources */,
				13DA34036DE8F70B987B9404 /* JournalExport.swift in Sources */,
				900B230E4001A5C875CD0A0E /* JournalRepositoryProtocol.swift in Sources */,
				61071B0D365402AB94E55047 /* JournalSession.swift in Sources */,
				7B2DEEAD66AC32CF69654D52 /* JournalStats.swift in Sources */,
				80B412F4783DC43E99D8F1B7 /* LetterDetailView.swift in Sources */,
				6046F01D721F4D503862AD8A /* LetterDetailViewModel.swift in Sources */,
				AD6208BB6580B116029094B5 /* LetterRowView.swift in Sources */,
				0D5B63D8D19A6CFE52C0319C /* LettersBadge.swift in Sources */,
				E02A64F6F07A3E0C08A4A7A2 /* LettersCard.swift in Sources */,
				B6E786D86EC46830FFBB70D0 /* LettersListView.swift in Sources */,
				9B455AAF94634625E97C6EC8 /* LettersListViewModel.swift in Sources */,
				2C3397BB2F4A3E010DA7050F /* LocalNotificationService.swift in Sources */,
				DBD6A4B15FC05F7E2CD14C0B /* LocalWisdomQuoteService.swift in Sources */,
				2397BEF12B98BED9BC58761A /* MainTabView.swift in Sources */,
				42F43471BC19B2F1C766543A /* MilestoneView.swift in Sources */,
				9DFE8B0C428D59EB983E85E9 /* MockClarityScoreService.swift in Sources */,
				26F18C08547904A38AFC396C /* MockPersonalityAnalysisService.swift in Sources */,
				4DCF02804D0FDE45603CD2A2 /* MockQuestionService.swift in Sources */,
				31283F0F3A55B7B3EC8DAD59 /* NetworkMonitor.swift in Sources */,
				54BD24D0AB6F3F961A2A7BE3 /* NotificationServiceProtocol.swift in Sources */,
				7C31192B6919AC8374BD69EC /* NotificationSettingsView.swift in Sources */,
				2AFCA9C3386D8579C89D2523 /* OfflineSyncHandler.swift in Sources */,
				43C98F90392DF4FAF14C8794 /* OfflineSyncQueue.swift in Sources */,
				977664B2130F9D3192DF1CB1 /* OnboardingCharacterView.swift in Sources */,
				EC6580998DC214CA8545B523 /* OnboardingGuidedReflectionView.swift in Sources */,
				4603840F3E43DC164F97DE6D /* OnboardingLettersView.swift in Sources */,
				D4052CE44F43F0F480B3632E /* OnboardingView.swift in Sources */,
				D8698435192D45E3B7566C4E /* OnboardingWelcomeView.swift in Sources */,
				0DCE31D42DCBB372C758D096 /* PersonalityAnalysisServiceProtocol.swift in Sources */,
				98914A2DEBF383067C7D7C5B /* PersonalityTrait.swift in Sources */,
				071ADAC56D03A9BE9771A847 /* ProgressIndicator.swift in Sources */,
				E57293E5593A0545FF1C2580 /* ProgressUnlockView.swift in Sources */,
				9D93C64943E8E04162AFD0A2 /* QuestionServiceProtocol.swift in Sources */,
				0F6473FA64932CCA57F18A26 /* QuestionView.swift in Sources */,
				E8C712A34325B42128EB8771 /* QuoteCard.swift in Sources */,
				501BD6BC5C60BA924A107651 /* ScoreBreakdownView.swift in Sources */,
				929C35D3BDA93393E64DC7F2 /* SelfDiscoveryTabView.swift in Sources */,
				02D012F741BD3E5A3CD69B53 /* SelfDiscoveryViewModel.swift in Sources */,
				3C7FFEB692B8CE92702F3410 /* SessionCompleteView.swift in Sources */,
				5463E09009BDC8DAA19AE96C /* SessionCompleteViewModel.swift in Sources */,
				C30277B802C3B45CA16D8DF4 /* SessionDetailView.swift in Sources */,
				9FD20DED2EF2FA3EEDD2F2A5 /* SessionDetailViewModel.swift in Sources */,
				D266DFB44C29AD40FFADD5C4 /* SessionListView.swift in Sources */,
				BF8EB63CF895A403410CEE6C /* SessionMetadataView.swift in Sources */,
				1522B7ECBC5170B4B0730BD9 /* SessionScoreSummary.swift in Sources */,
				D5AAAA04BF5445D56761AE64 /* SettingsRepositoryProtocol.swift in Sources */,
				C9FD5BE5FF7B6974399EA6F0 /* SettingsView.swift in Sources */,
				861E5A80148AE0039A28AEE4 /* SettingsViewModel.swift in Sources */,
				BB4194113D186646D777173D /* SocratesReactionView.swift in Sources */,
				060DCDE2F8D2095C6DA7AC4E /* SocraticJournal.swift in Sources */,
				C670681889110CD5220DE1B8 /* SocraticJournalApp.swift in Sources */,
				97D355F8C2A5BBAD25DD2B18 /* StartSessionButton.swift in Sources */,
				929047D489C0B0CCA9CF5736 /* StatisticsTabView.swift in Sources */,
				74957D7694A43BADB98848D7 /* StatisticsView.swift in Sources */,
				4B003C1F1D8857D2E752CADD /* StatisticsViewModel.swift in Sources */,
				73CD5841CBF2A74464566DF3 /* StatsCardView.swift in Sources */,
				5D1A7EBEA24754D160ADA56A /* StreakProgressView.swift in Sources */,
				E7B12C68845400511A4F79FD /* SummaryNarrativeView.swift in Sources */,
				973819C7AF4DDE9699F479F4 /* ThemeFilterView.swift in Sources */,
				2353327B27450AF113EF609F /* ThemeManager.swift in Sources */,
				0047B39B7559AD5B4D2A724A /* ThemeSelectorView.swift in Sources */,
				524DC0D8CACED553E2A6D358 /* TraitCardView.swift in Sources */,
				FA341168BC3BEBF074661A4B /* TraitChartView.swift in Sources */,
				4DD5CB0BDFEB865F7AD4ADFB /* TrendChartView.swift in Sources */,
				01A4D34BB1F4DE33696018E9 /* UnlockCountdown.swift in Sources */,
				E7BEF20A03B5A2CED4D70D57 /* UserDefaultsSettingsRepository.swift in Sources */,
				5EB2D92F73DDED1293A73A2E /* UserSettings.swift in Sources */,
				AFA3405C98AF46A9BCD59F83 /* WeeklyComparisonView.swift in Sources */,
				7D6ED2141C50A20077EA4F81 /* WisdomQuote.swift in Sources */,
				0A93DA422B4D87DD6DC54FCF /* WisdomQuoteServiceProtocol.swift in Sources */,
				17C179873F6002CC9BDEA163 /* WisdomQuoteView.swift in Sources */,
				FAE5CA4653E58F4445B2F1A3 /* WisdomQuotesView.swift in Sources */,
				1B6E13E3E5AA154BB2668383 /* WisdomQuotesViewModel.swift in Sources */,
			);
			runOnlyForDeploymentPostprocessing = 0;
		};
/* End PBXSourcesBuildPhase section */

/* Begin XCBuildConfiguration section */
		50F0FF5527EE4D354A424945 /* Release */ = {
			isa = XCBuildConfiguration;
			buildSettings = {
				ASSETCATALOG_COMPILER_APPICON_NAME = AppIcon;
				CODE_SIGN_ENTITLEMENTS = SocraticJournal.entitlements;
				CODE_SIGN_IDENTITY = "iPhone Developer";
				CURRENT_PROJECT_VERSION = 9;
				GENERATE_INFOPLIST_FILE = NO;
				INFOPLIST_FILE = Info.plist;
				LD_RUNPATH_SEARCH_PATHS = (
					"$(inherited)",
					"@executable_path/Frameworks",
				);
				MARKETING_VERSION = 1.2.0;
				PRODUCT_BUNDLE_IDENTIFIER = com.StudioNext.socraticJournal;
				SDKROOT = iphoneos;
				TARGETED_DEVICE_FAMILY = "1,2";
			};
			name = Release;
		};
		588AF935AB432E7392EC60AF /* Debug */ = {
			isa = XCBuildConfiguration;
			buildSettings = {
				ALWAYS_SEARCH_USER_PATHS = NO;
				CLANG_ANALYZER_NONNULL = YES;
				CLANG_ANALYZER_NUMBER_OBJECT_CONVERSION = YES_AGGRESSIVE;
				CLANG_CXX_LANGUAGE_STANDARD = "gnu++14";
				CLANG_CXX_LIBRARY = "libc++";
				CLANG_ENABLE_MODULES = YES;
				CLANG_ENABLE_OBJC_ARC = YES;
				CLANG_ENABLE_OBJC_WEAK = YES;
				CLANG_WARN_BLOCK_CAPTURE_AUTORELEASING = YES;
				CLANG_WARN_BOOL_CONVERSION = YES;
				CLANG_WARN_COMMA = YES;
				CLANG_WARN_CONSTANT_CONVERSION = YES;
				CLANG_WARN_DEPRECATED_OBJC_IMPLEMENTATIONS = YES;
				CLANG_WARN_DIRECT_OBJC_ISA_USAGE = YES_ERROR;
				CLANG_WARN_DOCUMENTATION_COMMENTS = YES;
				CLANG_WARN_EMPTY_BODY = YES;
				CLANG_WARN_ENUM_CONVERSION = YES;
				CLANG_WARN_INFINITE_RECURSION = YES;
				CLANG_WARN_INT_CONVERSION = YES;
				CLANG_WARN_NON_LITERAL_NULL_CONVERSION = YES;
				CLANG_WARN_OBJC_IMPLICIT_RETAIN_SELF = YES;
				CLANG_WARN_OBJC_LITERAL_CONVERSION = YES;
				CLANG_WARN_OBJC_ROOT_CLASS = YES_ERROR;
				CLANG_WARN_QUOTED_INCLUDE_IN_FRAMEWORK_HEADER = YES;
				CLANG_WARN_RANGE_LOOP_ANALYSIS = YES;
				CLANG_WARN_STRICT_PROTOTYPES = YES;
				CLANG_WARN_SUSPICIOUS_MOVE = YES;
				CLANG_WARN_UNGUARDED_AVAILABILITY = YES_AGGRESSIVE;
				CLANG_WARN_UNREACHABLE_CODE = YES;
				CLANG_WARN__DUPLICATE_METHOD_MATCH = YES;
				CODE_SIGN_STYLE = Automatic;
				COPY_PHASE_STRIP = NO;
				DEBUG_INFORMATION_FORMAT = dwarf;
				DEVELOPMENT_TEAM = "";
				ENABLE_STRICT_OBJC_MSGSEND = YES;
				ENABLE_TESTABILITY = YES;
				GCC_C_LANGUAGE_STANDARD = gnu11;
				GCC_DYNAMIC_NO_PIC = NO;
				GCC_NO_COMMON_BLOCKS = YES;
				GCC_OPTIMIZATION_LEVEL = 0;
				GCC_PREPROCESSOR_DEFINITIONS = (
					"$(inherited)",
					"DEBUG=1",
				);
				GCC_WARN_64_TO_32_BIT_CONVERSION = YES;
				GCC_WARN_ABOUT_RETURN_TYPE = YES_ERROR;
				GCC_WARN_UNDECLARED_SELECTOR = YES;
				GCC_WARN_UNINITIALIZED_AUTOS = YES_AGGRESSIVE;
				GCC_WARN_UNUSED_FUNCTION = YES;
				GCC_WARN_UNUSED_VARIABLE = YES;
				IPHONEOS_DEPLOYMENT_TARGET = 17.0;
				MTL_ENABLE_DEBUG_INFO = INCLUDE_SOURCE;
				MTL_FAST_MATH = YES;
				ONLY_ACTIVE_ARCH = YES;
				PRODUCT_NAME = "$(TARGET_NAME)";
				SDKROOT = iphoneos;
				SWIFT_ACTIVE_COMPILATION_CONDITIONS = DEBUG;
				SWIFT_OPTIMIZATION_LEVEL = "-Onone";
				SWIFT_VERSION = 5.9;
			};
			name = Debug;
		};
		82BD2B121AE6F29E8399AAE8 /* Debug */ = {
			isa = XCBuildConfiguration;
			buildSettings = {
				ASSETCATALOG_COMPILER_APPICON_NAME = AppIcon;
				CODE_SIGN_ENTITLEMENTS = SocraticJournal.entitlements;
				CODE_SIGN_IDENTITY = "iPhone Developer";
				CURRENT_PROJECT_VERSION = 9;
				GENERATE_INFOPLIST_FILE = NO;
				INFOPLIST_FILE = Info.plist;
				LD_RUNPATH_SEARCH_PATHS = (
					"$(inherited)",
					"@executable_path/Frameworks",
				);
				MARKETING_VERSION = 1.2.0;
				PRODUCT_BUNDLE_IDENTIFIER = com.StudioNext.socraticJournal;
				SDKROOT = iphoneos;
				TARGETED_DEVICE_FAMILY = "1,2";
			};
			name = Debug;
		};
		B2DA3EAE2C7A754FFFF7A076 /* Release */ = {
			isa = XCBuildConfiguration;
			buildSettings = {
				ALWAYS_SEARCH_USER_PATHS = NO;
				CLANG_ANALYZER_NONNULL = YES;
				CLANG_ANALYZER_NUMBER_OBJECT_CONVERSION = YES_AGGRESSIVE;
				CLANG_CXX_LANGUAGE_STANDARD = "gnu++14";
				CLANG_CXX_LIBRARY = "libc++";
				CLANG_ENABLE_MODULES = YES;
				CLANG_ENABLE_OBJC_ARC = YES;
				CLANG_ENABLE_OBJC_WEAK = YES;
				CLANG_WARN_BLOCK_CAPTURE_AUTORELEASING = YES;
				CLANG_WARN_BOOL_CONVERSION = YES;
				CLANG_WARN_COMMA = YES;
				CLANG_WARN_CONSTANT_CONVERSION = YES;
				CLANG_WARN_DEPRECATED_OBJC_IMPLEMENTATIONS = YES;
				CLANG_WARN_DIRECT_OBJC_ISA_USAGE = YES_ERROR;
				CLANG_WARN_DOCUMENTATION_COMMENTS = YES;
				CLANG_WARN_EMPTY_BODY = YES;
				CLANG_WARN_ENUM_CONVERSION = YES;
				CLANG_WARN_INFINITE_RECURSION = YES;
				CLANG_WARN_INT_CONVERSION = YES;
				CLANG_WARN_NON_LITERAL_NULL_CONVERSION = YES;
				CLANG_WARN_OBJC_IMPLICIT_RETAIN_SELF = YES;
				CLANG_WARN_OBJC_LITERAL_CONVERSION = YES;
				CLANG_WARN_OBJC_ROOT_CLASS = YES_ERROR;
				CLANG_WARN_QUOTED_INCLUDE_IN_FRAMEWORK_HEADER = YES;
				CLANG_WARN_RANGE_LOOP_ANALYSIS = YES;
				CLANG_WARN_STRICT_PROTOTYPES = YES;
				CLANG_WARN_SUSPICIOUS_MOVE = YES;
				CLANG_WARN_UNGUARDED_AVAILABILITY = YES_AGGRESSIVE;
				CLANG_WARN_UNREACHABLE_CODE = YES;
				CLANG_WARN__DUPLICATE_METHOD_MATCH = YES;
				CODE_SIGN_STYLE = Automatic;
				COPY_PHASE_STRIP = NO;
				DEBUG_INFORMATION_FORMAT = "dwarf-with-dsym";
				DEVELOPMENT_TEAM = "";
				ENABLE_NS_ASSERTIONS = NO;
				ENABLE_STRICT_OBJC_MSGSEND = YES;
				GCC_C_LANGUAGE_STANDARD = gnu11;
				GCC_NO_COMMON_BLOCKS = YES;
				GCC_WARN_64_TO_32_BIT_CONVERSION = YES;
				GCC_WARN_ABOUT_RETURN_TYPE = YES_ERROR;
				GCC_WARN_UNDECLARED_SELECTOR = YES;
				GCC_WARN_UNINITIALIZED_AUTOS = YES_AGGRESSIVE;
				GCC_WARN_UNUSED_FUNCTION = YES;
				GCC_WARN_UNUSED_VARIABLE = YES;
				IPHONEOS_DEPLOYMENT_TARGET = 17.0;
				MTL_ENABLE_DEBUG_INFO = NO;
				MTL_FAST_MATH = YES;
				PRODUCT_NAME = "$(TARGET_NAME)";
				SDKROOT = iphoneos;
				SWIFT_COMPILATION_MODE = wholemodule;
				SWIFT_OPTIMIZATION_LEVEL = "-O";
				SWIFT_VERSION = 5.9;
			};
			name = Release;
		};
/* End XCBuildConfiguration section */

/* Begin XCConfigurationList section */
		4D6ECD6302407144E3536991 /* Build configuration list for PBXNativeTarget "SocraticJournal" */ = {
			isa = XCConfigurationList;
			buildConfigurations = (
				82BD2B121AE6F29E8399AAE8 /* Debug */,
				50F0FF5527EE4D354A424945 /* Release */,
			);
			defaultConfigurationIsVisible = 0;
			defaultConfigurationName = Debug;
		};
		8B4491CED5CEBDF957FFF2D7 /* Build configuration list for PBXProject "SocraticJournal" */ = {
			isa = XCConfigurationList;
			buildConfigurations = (
				588AF935AB432E7392EC60AF /* Debug */,
				B2DA3EAE2C7A754FFFF7A076 /* Release */,
			);
			defaultConfigurationIsVisible = 0;
			defaultConfigurationName = Debug;
		};
/* End XCConfigurationList section */

/* Begin XCRemoteSwiftPackageReference section */
		0FEB5928F96AB8640A1CDC8A /* XCRemoteSwiftPackageReference "AppsFlyerFramework" */ = {
			isa = XCRemoteSwiftPackageReference;
			repositoryURL = "https://github.com/AppsFlyerSDK/AppsFlyerFramework.git";
			requirement = {
				kind = upToNextMajorVersion;
				minimumVersion = 6.15.0;
			};
		};
		9EA46445D4C732837295775D /* XCRemoteSwiftPackageReference "firebase-ios-sdk" */ = {
			isa = XCRemoteSwiftPackageReference;
			repositoryURL = "https://github.com/firebase/firebase-ios-sdk.git";
			requirement = {
				kind = upToNextMajorVersion;
				minimumVersion = 11.0.0;
			};
		};
/* End XCRemoteSwiftPackageReference section */

/* Begin XCSwiftPackageProductDependency section */
		1439E1ED4A0277B8F3670D92 /* FirebaseAnalytics */ = {
			isa = XCSwiftPackageProductDependency;
			package = 9EA46445D4C732837295775D /* XCRemoteSwiftPackageReference "firebase-ios-sdk" */;
			productName = FirebaseAnalytics;
		};
		20CC8584D9C7E0C1B74D5D56 /* FirebaseFunctions */ = {
			isa = XCSwiftPackageProductDependency;
			package = 9EA46445D4C732837295775D /* XCRemoteSwiftPackageReference "firebase-ios-sdk" */;
			productName = FirebaseFunctions;
		};
		7427E0C3061E854EE474F549 /* FirebaseMessaging */ = {
			isa = XCSwiftPackageProductDependency;
			package = 9EA46445D4C732837295775D /* XCRemoteSwiftPackageReference "firebase-ios-sdk" */;
			productName = FirebaseMessaging;
		};
		B2661300FF9C9DB8CAECB4AA /* AppsFlyerLib */ = {
			isa = XCSwiftPackageProductDependency;
			package = 0FEB5928F96AB8640A1CDC8A /* XCRemoteSwiftPackageReference "AppsFlyerFramework" */;
			productName = AppsFlyerLib;
		};
		D0C775AF90C1F520FA648805 /* FirebaseFirestore */ = {
			isa = XCSwiftPackageProductDependency;
			package = 9EA46445D4C732837295775D /* XCRemoteSwiftPackageReference "firebase-ios-sdk" */;
			productName = FirebaseFirestore;
		};
/* End XCSwiftPackageProductDependency section */
	};
	rootObject = 7FF74F5214AC04FA8666FBBB /* Project object */;
}
